
Microsoft Visual Studio Solution File, Format Version 12.00
# Visual Studio Version 17
VisualStudioVersion = 17.0.31903.59
MinimumVisualStudioVersion = 10.0.40219.1
Project("{2150E333-8FDC-42A3-9474-1A3956D46DE8}") = "src", "src", "{827E0CD3-B72D-47B6-A68D-7590B98EB39B}"
EndProject
Project("{FAE04EC0-301F-11D3-BF4B-00C04F79EFBC}") = "SoEx.Workflow", "src\SoEx.Workflow\SoEx.Workflow.csproj", "{C1EE1ABC-8376-4492-A968-5BCB8898F858}"
EndProject
Project("{FAE04EC0-301F-11D3-BF4B-00C04F79EFBC}") = "SoEx.Workflow.Runtime.DurableTask", "src\SoEx.Workflow.Runtime.DurableTask\SoEx.Workflow.Runtime.DurableTask.csproj", "{E3F73213-27B6-4C9F-B0BB-17CB4E206447}"
EndProject
Project("{FAE04EC0-301F-11D3-BF4B-00C04F79EFBC}") = "SoEx.Workflow.Runtime.Temporal", "src\SoEx.Workflow.Runtime.Temporal\SoEx.Workflow.Runtime.Temporal.csproj", "{5C2FC0B7-5610-44C0-84A5-34EEC0B83BB7}"
EndProject
Project("{FAE04EC0-301F-11D3-BF4B-00C04F79EFBC}") = "SoEx.Workflow.Runtime.Elsa", "src\SoEx.Workflow.Runtime.Elsa\SoEx.Workflow.Runtime.Elsa.csproj", "{9ED3BB95-74E2-438E-9AA2-04122B3FC2AC}"
EndProject
Project("{FAE04EC0-301F-11D3-BF4B-00C04F79EFBC}") = "SoEx.Workflow.Runtime.Restate", "src\SoEx.Workflow.Runtime.Restate\SoEx.Workflow.Runtime.Restate.csproj", "{9358FC19-64AC-4A2F-973B-3CF0482BC938}"
EndProject
Project("{FAE04EC0-301F-11D3-BF4B-00C04F79EFBC}") = "SoEx.Workflow.Runtime.Zeebe", "src\SoEx.Workflow.Runtime.Zeebe\SoEx.Workflow.Runtime.Zeebe.csproj", "{36AEE880-6D1B-41DC-B347-C03A63BA523E}"
EndProject
Project("{FAE04EC0-301F-11D3-BF4B-00C04F79EFBC}") = "SoEx.Method.Workflow.Abstractions", "src\SoEx.Method.Workflow.Abstractions\SoEx.Method.Workflow.Abstractions.csproj", "{FDA0FB1B-3112-44FC-AE9A-FE5A28BD11E9}"
EndProject
Project("{FAE04EC0-301F-11D3-BF4B-00C04F79EFBC}") = "SoEx.Method.Workflow", "src\SoEx.Method.Workflow\SoEx.Method.Workflow.csproj", "{F4E76397-F8F9-4F6F-B25E-1A943E960031}"
EndProject
Project("{FAE04EC0-301F-11D3-BF4B-00C04F79EFBC}") = "SoEx.Workflow.Keys.OpenBao", "src\SoEx.Workflow.Keys.OpenBao\SoEx.Workflow.Keys.OpenBao.csproj", "{21AD7C29-87C7-44F9-8902-CB4FF0978DD9}"
EndProject
Project("{FAE04EC0-301F-11D3-BF4B-00C04F79EFBC}") = "SoEx.Workflow.Keys.RavenDB", "src\SoEx.Workflow.Keys.RavenDB\SoEx.Workflow.Keys.RavenDB.csproj", "{A6F6DA68-916A-4922-9A7A-2B548935604B}"
EndProject
Project("{FAE04EC0-301F-11D3-BF4B-00C04F79EFBC}") = "SoEx.Workflow.Idempotency.RavenDB", "src\SoEx.Workflow.Idempotency.RavenDB\SoEx.Workflow.Idempotency.RavenDB.csproj", "{3B111AC8-4FFF-480E-BBCE-E84C6049CD4A}"
EndProject
Project("{FAE04EC0-301F-11D3-BF4B-00C04F79EFBC}") = "SoEx.Workflow.SubjectIndex.RavenDB", "src\SoEx.Workflow.SubjectIndex.RavenDB\SoEx.Workflow.SubjectIndex.RavenDB.csproj", "{24B58774-D3F6-46DB-BCBF-AB1FC8CD2EF9}"
EndProject
Project("{FAE04EC0-301F-11D3-BF4B-00C04F79EFBC}") = "SoEx.Workflow.SubjectIndex.EfCore", "src\SoEx.Workflow.SubjectIndex.EfCore\SoEx.Workflow.SubjectIndex.EfCore.csproj", "{9DB6E01E-A631-4A77-B7E0-42E2CC5F90A3}"
EndProject
Project("{FAE04EC0-301F-11D3-BF4B-00C04F79EFBC}") = "SoEx.Workflow.Maintenance.RavenDB", "src\SoEx.Workflow.Maintenance.RavenDB\SoEx.Workflow.Maintenance.RavenDB.csproj", "{A24ACB53-26EC-451D-9378-8205BAFF52CB}"
EndProject
Project("{FAE04EC0-301F-11D3-BF4B-00C04F79EFBC}") = "SoEx.Workflow.Maintenance.EfCore", "src\SoEx.Workflow.Maintenance.EfCore\SoEx.Workflow.Maintenance.EfCore.csproj", "{E1009362-8463-419A-A6FE-14BCBAE1845B}"
EndProject
Project("{FAE04EC0-301F-11D3-BF4B-00C04F79EFBC}") = "SoEx.Transport.Workflow", "src\SoEx.Transport.Workflow\SoEx.Transport.Workflow.csproj", "{9A9B8477-B436-4D06-A042-C5C2AD23B6FD}"
EndProject
Project("{FAE04EC0-301F-11D3-BF4B-00C04F79EFBC}") = "SoEx.Workflow.Runtime.InMemory", "src\SoEx.Workflow.Runtime.InMemory\SoEx.Workflow.Runtime.InMemory.csproj", "{3BAD4B67-8E29-46DD-A5F1-27824BB7AEC9}"
EndProject
Project("{FAE04EC0-301F-11D3-BF4B-00C04F79EFBC}") = "SoEx.Workflow.Abstractions", "src\SoEx.Workflow.Abstractions\SoEx.Workflow.Abstractions.csproj", "{964692F1-AD58-441D-99FC-2957017AF83B}"
EndProject
Project("{FAE04EC0-301F-11D3-BF4B-00C04F79EFBC}") = "SoEx.Workflow.Stores.Abstractions", "src\SoEx.Workflow.Stores.Abstractions\SoEx.Workflow.Stores.Abstractions.csproj", "{EAF672EB-8153-471C-AEE9-5BBED807EA91}"
EndProject
Global
	GlobalSection(SolutionConfigurationPlatforms) = preSolution
		Debug|Any CPU = Debug|Any CPU
		Debug|x64 = Debug|x64
		Debug|x86 = Debug|x86
		Release|Any CPU = Release|Any CPU
		Release|x64 = Release|x64
		Release|x86 = Release|x86
	EndGlobalSection
	GlobalSection(ProjectConfigurationPlatforms) = postSolution
		{C1EE1ABC-8376-4492-A968-5BCB8898F858}.Debug|Any CPU.ActiveCfg = Debug|Any CPU
		{C1EE1ABC-8376-4492-A968-5BCB8898F858}.Debug|Any CPU.Build.0 = Debug|Any CPU
		{C1EE1ABC-8376-4492-A968-5BCB8898F858}.Debug|x64.ActiveCfg = Debug|Any CPU
		{C1EE1ABC-8376-4492-A968-5BCB8898F858}.Debug|x64.Build.0 = Debug|Any CPU
		{C1EE1ABC-8376-4492-A968-5BCB8898F858}.Debug|x86.ActiveCfg = Debug|Any CPU
		{C1EE1ABC-8376-4492-A968-5BCB8898F858}.Debug|x86.Build.0 = Debug|Any CPU
		{C1EE1ABC-8376-4492-A968-5BCB8898F858}.Release|Any CPU.ActiveCfg = Release|Any CPU
		{C1EE1ABC-8376-4492-A968-5BCB8898F858}.Release|Any CPU.Build.0 = Release|Any CPU
		{C1EE1ABC-8376-4492-A968-5BCB8898F858}.Release|x64.ActiveCfg = Release|Any CPU
		{C1EE1ABC-8376-4492-A968-5BCB8898F858}.Release|x64.Build.0 = Release|Any CPU
		{C1EE1ABC-8376-4492-A968-5BCB8898F858}.Release|x86.ActiveCfg = Release|Any CPU
		{C1EE1ABC-8376-4492-A968-5BCB8898F858}.Release|x86.Build.0 = Release|Any CPU
		{E3F73213-27B6-4C9F-B0BB-17CB4E206447}.Debug|Any CPU.ActiveCfg = Debug|Any CPU
		{E3F73213-27B6-4C9F-B0BB-17CB4E206447}.Debug|Any CPU.Build.0 = Debug|Any CPU
		{E3F73213-27B6-4C9F-B0BB-17CB4E206447}.Debug|x64.ActiveCfg = Debug|Any CPU
		{E3F73213-27B6-4C9F-B0BB-17CB4E206447}.Debug|x64.Build.0 = Debug|Any CPU
		{E3F73213-27B6-4C9F-B0BB-17CB4E206447}.Debug|x86.ActiveCfg = Debug|Any CPU
		{E3F73213-27B6-4C9F-B0BB-17CB4E206447}.Debug|x86.Build.0 = Debug|Any CPU
		{E3F73213-27B6-4C9F-B0BB-17CB4E206447}.Release|Any CPU.ActiveCfg = Release|Any CPU
		{E3F73213-27B6-4C9F-B0BB-17CB4E206447}.Release|Any CPU.Build.0 = Release|Any CPU
		{E3F73213-27B6-4C9F-B0BB-17CB4E206447}.Release|x64.ActiveCfg = Release|Any CPU
		{E3F73213-27B6-4C9F-B0BB-17CB4E206447}.Release|x64.Build.0 = Release|Any CPU
		{E3F73213-27B6-4C9F-B0BB-17CB4E206447}.Release|x86.ActiveCfg = Release|Any CPU
		{E3F73213-27B6-4C9F-B0BB-17CB4E206447}.Release|x86.Build.0 = Release|Any CPU
		{5C2FC0B7-5610-44C0-84A5-34EEC0B83BB7}.Debug|Any CPU.ActiveCfg = Debug|Any CPU
		{5C2FC0B7-5610-44C0-84A5-34EEC0B83BB7}.Debug|Any CPU.Build.0 = Debug|Any CPU
		{5C2FC0B7-5610-44C0-84A5-34EEC0B83BB7}.Debug|x64.ActiveCfg = Debug|Any CPU
		{5C2FC0B7-5610-44C0-84A5-34EEC0B83BB7}.Debug|x64.Build.0 = Debug|Any CPU
		{5C2FC0B7-5610-44C0-84A5-34EEC0B83BB7}.Debug|x86.ActiveCfg = Debug|Any CPU
		{5C2FC0B7-5610-44C0-84A5-34EEC0B83BB7}.Debug|x86.Build.0 = Debug|Any CPU
		{5C2FC0B7-5610-44C0-84A5-34EEC0B83BB7}.Release|Any CPU.ActiveCfg = Release|Any CPU
		{5C2FC0B7-5610-44C0-84A5-34EEC0B83BB7}.Release|Any CPU.Build.0 = Release|Any CPU
		{5C2FC0B7-5610-44C0-84A5-34EEC0B83BB7}.Release|x64.ActiveCfg = Release|Any CPU
		{5C2FC0B7-5610-44C0-84A5-34EEC0B83BB7}.Release|x64.Build.0 = Release|Any CPU
		{5C2FC0B7-5610-44C0-84A5-34EEC0B83BB7}.Release|x86.ActiveCfg = Release|Any CPU
		{5C2FC0B7-5610-44C0-84A5-34EEC0B83BB7}.Release|x86.Build.0 = Release|Any CPU
		{9ED3BB95-74E2-438E-9AA2-04122B3FC2AC}.Debug|Any CPU.ActiveCfg = Debug|Any CPU
		{9ED3BB95-74E2-438E-9AA2-04122B3FC2AC}.Debug|Any CPU.Build.0 = Debug|Any CPU
		{9ED3BB95-74E2-438E-9AA2-04122B3FC2AC}.Debug|x64.ActiveCfg = Debug|Any CPU
		{9ED3BB95-74E2-438E-9AA2-04122B3FC2AC}.Debug|x64.Build.0 = Debug|Any CPU
		{9ED3BB95-74E2-438E-9AA2-04122B3FC2AC}.Debug|x86.ActiveCfg = Debug|Any CPU
		{9ED3BB95-74E2-438E-9AA2-04122B3FC2AC}.Debug|x86.Build.0 = Debug|Any CPU
		{9ED3BB95-74E2-438E-9AA2-04122B3FC2AC}.Release|Any CPU.ActiveCfg = Release|Any CPU
		{9ED3BB95-74E2-438E-9AA2-04122B3FC2AC}.Release|Any CPU.Build.0 = Release|Any CPU
		{9ED3BB95-74E2-438E-9AA2-04122B3FC2AC}.Release|x64.ActiveCfg = Release|Any CPU
		{9ED3BB95-74E2-438E-9AA2-04122B3FC2AC}.Release|x64.Build.0 = Release|Any CPU
		{9ED3BB95-74E2-438E-9AA2-04122B3FC2AC}.Release|x86.ActiveCfg = Release|Any CPU
		{9ED3BB95-74E2-438E-9AA2-04122B3FC2AC}.Release|x86.Build.0 = Release|Any CPU
		{9358FC19-64AC-4A2F-973B-3CF0482BC938}.Debug|Any CPU.ActiveCfg = Debug|Any CPU
		{9358FC19-64AC-4A2F-973B-3CF0482BC938}.Debug|Any CPU.Build.0 = Debug|Any CPU
		{9358FC19-64AC-4A2F-973B-3CF0482BC938}.Debug|x64.ActiveCfg = Debug|Any CPU
		{9358FC19-64AC-4A2F-973B-3CF0482BC938}.Debug|x64.Build.0 = Debug|Any CPU
		{9358FC19-64AC-4A2F-973B-3CF0482BC938}.Debug|x86.ActiveCfg = Debug|Any CPU
		{9358FC19-64AC-4A2F-973B-3CF0482BC938}.Debug|x86.Build.0 = Debug|Any CPU
		{9358FC19-64AC-4A2F-973B-3CF0482BC938}.Release|Any CPU.ActiveCfg = Release|Any CPU
		{9358FC19-64AC-4A2F-973B-3CF0482BC938}.Release|Any CPU.Build.0 = Release|Any CPU
		{9358FC19-64AC-4A2F-973B-3CF0482BC938}.Release|x64.ActiveCfg = Release|Any CPU
		{9358FC19-64AC-4A2F-973B-3CF0482BC938}.Release|x64.Build.0 = Release|Any CPU
		{9358FC19-64AC-4A2F-973B-3CF0482BC938}.Release|x86.ActiveCfg = Release|Any CPU
		{9358FC19-64AC-4A2F-973B-3CF0482BC938}.Release|x86.Build.0 = Release|Any CPU
		{36AEE880-6D1B-41DC-B347-C03A63BA523E}.Debug|Any CPU.ActiveCfg = Debug|Any CPU
		{36AEE880-6D1B-41DC-B347-C03A63BA523E}.Debug|Any CPU.Build.0 = Debug|Any CPU
		{36AEE880-6D1B-41DC-B347-C03A63BA523E}.Debug|x64.ActiveCfg = Debug|Any CPU
		{36AEE880-6D1B-41DC-B347-C03A63BA523E}.Debug|x64.Build.0 = Debug|Any CPU
		{36AEE880-6D1B-41DC-B347-C03A63BA523E}.Debug|x86.ActiveCfg = Debug|Any CPU
		{36AEE880-6D1B-41DC-B347-C03A63BA523E}.Debug|x86.Build.0 = Debug|Any CPU
		{36AEE880-6D1B-41DC-B347-C03A63BA523E}.Release|Any CPU.ActiveCfg = Release|Any CPU
		{36AEE880-6D1B-41DC-B347-C03A63BA523E}.Release|Any CPU.Build.0 = Release|Any CPU
		{36AEE880-6D1B-41DC-B347-C03A63BA523E}.Release|x64.ActiveCfg = Release|Any CPU
		{36AEE880-6D1B-41DC-B347-C03A63BA523E}.Release|x64.Build.0 = Release|Any CPU
		{36AEE880-6D1B-41DC-B347-C03A63BA523E}.Release|x86.ActiveCfg = Release|Any CPU
		{36AEE880-6D1B-41DC-B347-C03A63BA523E}.Release|x86.Build.0 = Release|Any CPU
		{FDA0FB1B-3112-44FC-AE9A-FE5A28BD11E9}.Debug|Any CPU.ActiveCfg = Debug|Any CPU
		{FDA0FB1B-3112-44FC-AE9A-FE5A28BD11E9}.Debug|Any CPU.Build.0 = Debug|Any CPU
		{FDA0FB1B-3112-44FC-AE9A-FE5A28BD11E9}.Debug|x64.ActiveCfg = Debug|Any CPU
		{FDA0FB1B-3112-44FC-AE9A-FE5A28BD11E9}.Debug|x64.Build.0 = Debug|Any CPU
		{FDA0FB1B-3112-44FC-AE9A-FE5A28BD11E9}.Debug|x86.ActiveCfg = Debug|Any CPU
		{FDA0FB1B-3112-44FC-AE9A-FE5A28BD11E9}.Debug|x86.Build.0 = Debug|Any CPU
		{FDA0FB1B-3112-44FC-AE9A-FE5A28BD11E9}.Release|Any CPU.ActiveCfg = Release|Any CPU
		{FDA0FB1B-3112-44FC-AE9A-FE5A28BD11E9}.Release|Any CPU.Build.0 = Release|Any CPU
		{FDA0FB1B-3112-44FC-AE9A-FE5A28BD11E9}.Release|x64.ActiveCfg = Release|Any CPU
		{FDA0FB1B-3112-44FC-AE9A-FE5A28BD11E9}.Release|x64.Build.0 = Release|Any CPU
		{FDA0FB1B-3112-44FC-AE9A-FE5A28BD11E9}.Release|x86.ActiveCfg = Release|Any CPU
		{FDA0FB1B-3112-44FC-AE9A-FE5A28BD11E9}.Release|x86.Build.0 = Release|Any CPU
		{F4E76397-F8F9-4F6F-B25E-1A943E960031}.Debug|Any CPU.ActiveCfg = Debug|Any CPU
		{F4E76397-F8F9-4F6F-B25E-1A943E960031}.Debug|Any CPU.Build.0 = Debug|Any CPU
		{F4E76397-F8F9-4F6F-B25E-1A943E960031}.Debug|x64.ActiveCfg = Debug|Any CPU
		{F4E76397-F8F9-4F6F-B25E-1A943E960031}.Debug|x64.Build.0 = Debug|Any CPU
		{F4E76397-F8F9-4F6F-B25E-1A943E960031}.Debug|x86.ActiveCfg = Debug|Any CPU
		{F4E76397-F8F9-4F6F-B25E-1A943E960031}.Debug|x86.Build.0 = Debug|Any CPU
		{F4E76397-F8F9-4F6F-B25E-1A943E960031}.Release|Any CPU.ActiveCfg = Release|Any CPU
		{F4E76397-F8F9-4F6F-B25E-1A943E960031}.Release|Any CPU.Build.0 = Release|Any CPU
		{F4E76397-F8F9-4F6F-B25E-1A943E960031}.Release|x64.ActiveCfg = Release|Any CPU
		{F4E76397-F8F9-4F6F-B25E-1A943E960031}.Release|x64.Build.0 = Release|Any CPU
		{F4E76397-F8F9-4F6F-B25E-1A943E960031}.Release|x86.ActiveCfg = Release|Any CPU
		{F4E76397-F8F9-4F6F-B25E-1A943E960031}.Release|x86.Build.0 = Release|Any CPU
		{21AD7C29-87C7-44F9-8902-CB4FF0978DD9}.Debug|Any CPU.ActiveCfg = Debug|Any CPU
		{21AD7C29-87C7-44F9-8902-CB4FF0978DD9}.Debug|Any CPU.Build.0 = Debug|Any CPU
		{21AD7C29-87C7-44F9-8902-CB4FF0978DD9}.Debug|x64.ActiveCfg = Debug|Any CPU
		{21AD7C29-87C7-44F9-8902-CB4FF0978DD9}.Debug|x64.Build.0 = Debug|Any CPU
		{21AD7C29-87C7-44F9-8902-CB4FF0978DD9}.Debug|x86.ActiveCfg = Debug|Any CPU
		{21AD7C29-87C7-44F9-8902-CB4FF0978DD9}.Debug|x86.Build.0 = Debug|Any CPU
		{21AD7C29-87C7-44F9-8902-CB4FF0978DD9}.Release|Any CPU.ActiveCfg = Release|Any CPU
		{21AD7C29-87C7-44F9-8902-CB4FF0978DD9}.Release|Any CPU.Build.0 = Release|Any CPU
		{21AD7C29-87C7-44F9-8902-CB4FF0978DD9}.Release|x64.ActiveCfg = Release|Any CPU
		{21AD7C29-87C7-44F9-8902-CB4FF0978DD9}.Release|x64.Build.0 = Release|Any CPU
		{21AD7C29-87C7-44F9-8902-CB4FF0978DD9}.Release|x86.ActiveCfg = Release|Any CPU
		{21AD7C29-87C7-44F9-8902-CB4FF0978DD9}.Release|x86.Build.0 = Release|Any CPU
		{A6F6DA68-916A-4922-9A7A-2B548935604B}.Debug|Any CPU.ActiveCfg = Debug|Any CPU
		{A6F6DA68-916A-4922-9A7A-2B548935604B}.Debug|Any CPU.Build.0 = Debug|Any CPU
		{A6F6DA68-916A-4922-9A7A-2B548935604B}.Debug|x64.ActiveCfg = Debug|Any CPU
		{A6F6DA68-916A-4922-9A7A-2B548935604B}.Debug|x64.Build.0 = Debug|Any CPU
		{A6F6DA68-916A-4922-9A7A-2B548935604B}.Debug|x86.ActiveCfg = Debug|Any CPU
		{A6F6DA68-916A-4922-9A7A-2B548935604B}.Debug|x86.Build.0 = Debug|Any CPU
		{A6F6DA68-916A-4922-9A7A-2B548935604B}.Release|Any CPU.ActiveCfg = Release|Any CPU
		{A6F6DA68-916A-4922-9A7A-2B548935604B}.Release|Any CPU.Build.0 = Release|Any CPU
		{A6F6DA68-916A-4922-9A7A-2B548935604B}.Release|x64.ActiveCfg = Release|Any CPU
		{A6F6DA68-916A-4922-9A7A-2B548935604B}.Release|x64.Build.0 = Release|Any CPU
		{A6F6DA68-916A-4922-9A7A-2B548935604B}.Release|x86.ActiveCfg = Release|Any CPU
		{A6F6DA68-916A-4922-9A7A-2B548935604B}.Release|x86.Build.0 = Release|Any CPU
		{3B111AC8-4FFF-480E-BBCE-E84C6049CD4A}.Debug|Any CPU.ActiveCfg = Debug|Any CPU
		{3B111AC8-4FFF-480E-BBCE-E84C6049CD4A}.Debug|Any CPU.Build.0 = Debug|Any CPU
		{3B111AC8-4FFF-480E-BBCE-E84C6049CD4A}.Debug|x64.ActiveCfg = Debug|Any CPU
		{3B111AC8-4FFF-480E-BBCE-E84C6049CD4A}.Debug|x64.Build.0 = Debug|Any CPU
		{3B111AC8-4FFF-480E-BBCE-E84C6049CD4A}.Debug|x86.ActiveCfg = Debug|Any CPU
		{3B111AC8-4FFF-480E-BBCE-E84C6049CD4A}.Debug|x86.Build.0 = Debug|Any CPU
		{3B111AC8-4FFF-480E-BBCE-E84C6049CD4A}.Release|Any CPU.ActiveCfg = Release|Any CPU
		{3B111AC8-4FFF-480E-BBCE-E84C6049CD4A}.Release|Any CPU.Build.0 = Release|Any CPU
		{3B111AC8-4FFF-480E-BBCE-E84C6049CD4A}.Release|x64.ActiveCfg = Release|Any CPU
		{3B111AC8-4FFF-480E-BBCE-E84C6049CD4A}.Release|x64.Build.0 = Release|Any CPU
		{3B111AC8-4FFF-480E-BBCE-E84C6049CD4A}.Release|x86.ActiveCfg = Release|Any CPU
		{3B111AC8-4FFF-480E-BBCE-E84C6049CD4A}.Release|x86.Build.0 = Release|Any CPU
		{24B58774-D3F6-46DB-BCBF-AB1FC8CD2EF9}.Debug|Any CPU.ActiveCfg = Debug|Any CPU
		{24B58774-D3F6-46DB-BCBF-AB1FC8CD2EF9}.Debug|Any CPU.Build.0 = Debug|Any CPU
		{24B58774-D3F6-46DB-BCBF-AB1FC8CD2EF9}.Debug|x64.ActiveCfg = Debug|Any CPU
		{24B58774-D3F6-46DB-BCBF-AB1FC8CD2EF9}.Debug|x64.Build.0 = Debug|Any CPU
		{24B58774-D3F6-46DB-BCBF-AB1FC8CD2EF9}.Debug|x86.ActiveCfg = Debug|Any CPU
		{24B58774-D3F6-46DB-BCBF-AB1FC8CD2EF9}.Debug|x86.Build.0 = Debug|Any CPU
		{24B58774-D3F6-46DB-BCBF-AB1FC8CD2EF9}.Release|Any CPU.ActiveCfg = Release|Any CPU
		{24B58774-D3F6-46DB-BCBF-AB1FC8CD2EF9}.Release|Any CPU.Build.0 = Release|Any CPU
		{24B58774-D3F6-46DB-BCBF-AB1FC8CD2EF9}.Release|x64.ActiveCfg = Release|Any CPU
		{24B58774-D3F6-46DB-BCBF-AB1FC8CD2EF9}.Release|x64.Build.0 = Release|Any CPU
		{24B58774-D3F6-46DB-BCBF-AB1FC8CD2EF9}.Release|x86.ActiveCfg = Release|Any CPU
		{24B58774-D3F6-46DB-BCBF-AB1FC8CD2EF9}.Release|x86.Build.0 = Release|Any CPU
		{9DB6E01E-A631-4A77-B7E0-42E2CC5F90A3}.Debug|Any CPU.ActiveCfg = Debug|Any CPU
		{9DB6E01E-A631-4A77-B7E0-42E2CC5F90A3}.Debug|Any CPU.Build.0 = Debug|Any CPU
		{9DB6E01E-A631-4A77-B7E0-42E2CC5F90A3}.Debug|x64.ActiveCfg = Debug|Any CPU
		{9DB6E01E-A631-4A77-B7E0-42E2CC5F90A3}.Debug|x64.Build.0 = Debug|Any CPU
		{9DB6E01E-A631-4A77-B7E0-42E2CC5F90A3}.Debug|x86.ActiveCfg = Debug|Any CPU
		{9DB6E01E-A631-4A77-B7E0-42E2CC5F90A3}.Debug|x86.Build.0 = Debug|Any CPU
		{9DB6E01E-A631-4A77-B7E0-42E2CC5F90A3}.Release|Any CPU.ActiveCfg = Release|Any CPU
		{9DB6E01E-A631-4A77-B7E0-42E2CC5F90A3}.Release|Any CPU.Build.0 = Release|Any CPU
		{9DB6E01E-A631-4A77-B7E0-42E2CC5F90A3}.Release|x64.ActiveCfg = Release|Any CPU
		{9DB6E01E-A631-4A77-B7E0-42E2CC5F90A3}.Release|x64.Build.0 = Release|Any CPU
		{9DB6E01E-A631-4A77-B7E0-42E2CC5F90A3}.Release|x86.ActiveCfg = Release|Any CPU
		{9DB6E01E-A631-4A77-B7E0-42E2CC5F90A3}.Release|x86.Build.0 = Release|Any CPU
		{A24ACB53-26EC-451D-9378-8205BAFF52CB}.Debug|Any CPU.ActiveCfg = Debug|Any CPU
		{A24ACB53-26EC-451D-9378-8205BAFF52CB}.Debug|Any CPU.Build.0 = Debug|Any CPU
		{A24ACB53-26EC-451D-9378-8205BAFF52CB}.Debug|x64.ActiveCfg = Debug|Any CPU
		{A24ACB53-26EC-451D-9378-8205BAFF52CB}.Debug|x64.Build.0 = Debug|Any CPU
		{A24ACB53-26EC-451D-9378-8205BAFF52CB}.Debug|x86.ActiveCfg = Debug|Any CPU
		{A24ACB53-26EC-451D-9378-8205BAFF52CB}.Debug|x86.Build.0 = Debug|Any CPU
		{A24ACB53-26EC-451D-9378-8205BAFF52CB}.Release|Any CPU.ActiveCfg = Release|Any CPU
		{A24ACB53-26EC-451D-9378-8205BAFF52CB}.Release|Any CPU.Build.0 = Release|Any CPU
		{A24ACB53-26EC-451D-9378-8205BAFF52CB}.Release|x64.ActiveCfg = Release|Any CPU
		{A24ACB53-26EC-451D-9378-8205BAFF52CB}.Release|x64.Build.0 = Release|Any CPU
		{A24ACB53-26EC-451D-9378-8205BAFF52CB}.Release|x86.ActiveCfg = Release|Any CPU
		{A24ACB53-26EC-451D-9378-8205BAFF52CB}.Release|x86.Build.0 = Release|Any CPU
		{E1009362-8463-419A-A6FE-14BCBAE1845B}.Debug|Any CPU.ActiveCfg = Debug|Any CPU
		{E1009362-8463-419A-A6FE-14BCBAE1845B}.Debug|Any CPU.Build.0 = Debug|Any CPU
		{E1009362-8463-419A-A6FE-14BCBAE1845B}.Debug|x64.ActiveCfg = Debug|Any CPU
		{E1009362-8463-419A-A6FE-14BCBAE1845B}.Debug|x64.Build.0 = Debug|Any CPU
		{E1009362-8463-419A-A6FE-14BCBAE1845B}.Debug|x86.ActiveCfg = Debug|Any CPU
		{E1009362-8463-419A-A6FE-14BCBAE1845B}.Debug|x86.Build.0 = Debug|Any CPU
		{E1009362-8463-419A-A6FE-14BCBAE1845B}.Release|Any CPU.ActiveCfg = Release|Any CPU
		{E1009362-8463-419A-A6FE-14BCBAE1845B}.Release|Any CPU.Build.0 = Release|Any CPU
		{E1009362-8463-419A-A6FE-14BCBAE1845B}.Release|x64.ActiveCfg = Release|Any CPU
		{E1009362-8463-419A-A6FE-14BCBAE1845B}.Release|x64.Build.0 = Release|Any CPU
		{E1009362-8463-419A-A6FE-14BCBAE1845B}.Release|x86.ActiveCfg = Release|Any CPU
		{E1009362-8463-419A-A6FE-14BCBAE1845B}.Release|x86.Build.0 = Release|Any CPU
		{9A9B8477-B436-4D06-A042-C5C2AD23B6FD}.Debug|Any CPU.ActiveCfg = Debug|Any CPU
		{9A9B8477-B436-4D06-A042-C5C2AD23B6FD}.Debug|Any CPU.Build.0 = Debug|Any CPU
		{9A9B8477-B436-4D06-A042-C5C2AD23B6FD}.Debug|x64.ActiveCfg = Debug|Any CPU
		{9A9B8477-B436-4D06-A042-C5C2AD23B6FD}.Debug|x64.Build.0 = Debug|Any CPU
		{9A9B8477-B436-4D06-A042-C5C2AD23B6FD}.Debug|x86.ActiveCfg = Debug|Any CPU
		{9A9B8477-B436-4D06-A042-C5C2AD23B6FD}.Debug|x86.Build.0 = Debug|Any CPU
		{9A9B8477-B436-4D06-A042-C5C2AD23B6FD}.Release|Any CPU.ActiveCfg = Release|Any CPU
		{9A9B8477-B436-4D06-A042-C5C2AD23B6FD}.Release|Any CPU.Build.0 = Release|Any CPU
		{9A9B8477-B436-4D06-A042-C5C2AD23B6FD}.Release|x64.ActiveCfg = Release|Any CPU
		{9A9B8477-B436-4D06-A042-C5C2AD23B6FD}.Release|x64.Build.0 = Release|Any CPU
		{9A9B8477-B436-4D06-A042-C5C2AD23B6FD}.Release|x86.ActiveCfg = Release|Any CPU
		{9A9B8477-B436-4D06-A042-C5C2AD23B6FD}.Release|x86.Build.0 = Release|Any CPU
		{3BAD4B67-8E29-46DD-A5F1-27824BB7AEC9}.Debug|Any CPU.ActiveCfg = Debug|Any CPU
		{3BAD4B67-8E29-46DD-A5F1-27824BB7AEC9}.Debug|Any CPU.Build.0 = Debug|Any CPU
		{3BAD4B67-8E29-46DD-A5F1-27824BB7AEC9}.Debug|x64.ActiveCfg = Debug|Any CPU
		{3BAD4B67-8E29-46DD-A5F1-27824BB7AEC9}.Debug|x64.Build.0 = Debug|Any CPU
		{3BAD4B67-8E29-46DD-A5F1-27824BB7AEC9}.Debug|x86.ActiveCfg = Debug|Any CPU
		{3BAD4B67-8E29-46DD-A5F1-27824BB7AEC9}.Debug|x86.Build.0 = Debug|Any CPU
		{3BAD4B67-8E29-46DD-A5F1-27824BB7AEC9}.Release|Any CPU.ActiveCfg = Release|Any CPU
		{3BAD4B67-8E29-46DD-A5F1-27824BB7AEC9}.Release|Any CPU.Build.0 = Release|Any CPU
		{3BAD4B67-8E29-46DD-A5F1-27824BB7AEC9}.Release|x64.ActiveCfg = Release|Any CPU
		{3BAD4B67-8E29-46DD-A5F1-27824BB7AEC9}.Release|x64.Build.0 = Release|Any CPU
		{3BAD4B67-8E29-46DD-A5F1-27824BB7AEC9}.Release|x86.ActiveCfg = Release|Any CPU
		{3BAD4B67-8E29-46DD-A5F1-27824BB7AEC9}.Release|x86.Build.0 = Release|Any CPU
		{964692F1-AD58-441D-99FC-2957017AF83B}.Debug|Any CPU.ActiveCfg = Debug|Any CPU
		{964692F1-AD58-441D-99FC-2957017AF83B}.Debug|Any CPU.Build.0 = Debug|Any CPU
		{964692F1-AD58-441D-99FC-2957017AF83B}.Debug|x64.ActiveCfg = Debug|Any CPU
		{964692F1-AD58-441D-99FC-2957017AF83B}.Debug|x64.Build.0 = Debug|Any CPU
		{964692F1-AD58-441D-99FC-2957017AF83B}.Debug|x86.ActiveCfg = Debug|Any CPU
		{964692F1-AD58-441D-99FC-2957017AF83B}.Debug|x86.Build.0 = Debug|Any CPU
		{964692F1-AD58-441D-99FC-2957017AF83B}.Release|Any CPU.ActiveCfg = Release|Any CPU
		{964692F1-AD58-441D-99FC-2957017AF83B}.Release|Any CPU.Build.0 = Release|Any CPU
		{964692F1-AD58-441D-99FC-2957017AF83B}.Release|x64.ActiveCfg = Release|Any CPU
		{964692F1-AD58-441D-99FC-2957017AF83B}.Release|x64.Build.0 = Release|Any CPU
		{964692F1-AD58-441D-99FC-2957017AF83B}.Release|x86.ActiveCfg = Release|Any CPU
		{964692F1-AD58-441D-99FC-2957017AF83B}.Release|x86.Build.0 = Release|Any CPU
		{EAF672EB-8153-471C-AEE9-5BBED807EA91}.Debug|Any CPU.ActiveCfg = Debug|Any CPU
		{EAF672EB-8153-471C-AEE9-5BBED807EA91}.Debug|Any CPU.Build.0 = Debug|Any CPU
		{EAF672EB-8153-471C-AEE9-5BBED807EA91}.Debug|x64.ActiveCfg = Debug|Any CPU
		{EAF672EB-8153-471C-AEE9-5BBED807EA91}.Debug|x64.Build.0 = Debug|Any CPU
		{EAF672EB-8153-471C-AEE9-5BBED807EA91}.Debug|x86.ActiveCfg = Debug|Any CPU
		{EAF672EB-8153-471C-AEE9-5BBED807EA91}.Debug|x86.Build.0 = Debug|Any CPU
		{EAF672EB-8153-471C-AEE9-5BBED807EA91}.Release|Any CPU.ActiveCfg = Release|Any CPU
		{EAF672EB-8153-471C-AEE9-5BBED807EA91}.Release|Any CPU.Build.0 = Release|Any CPU
		{EAF672EB-8153-471C-AEE9-5BBED807EA91}.Release|x64.ActiveCfg = Release|Any CPU
		{EAF672EB-8153-471C-AEE9-5BBED807EA91}.Release|x64.Build.0 = Release|Any CPU
		{EAF672EB-8153-471C-AEE9-5BBED807EA91}.Release|x86.ActiveCfg = Release|Any CPU
		{EAF672EB-8153-471C-AEE9-5BBED807EA91}.Release|x86.Build.0 = Release|Any CPU
	EndGlobalSection
	GlobalSection(SolutionProperties) = preSolution
		HideSolutionNode = FALSE
	EndGlobalSection
	GlobalSection(NestedProjects) = preSolution
		{C1EE1ABC-8376-4492-A968-5BCB8898F858} = {827E0CD3-B72D-47B6-A68D-7590B98EB39B}
		{E3F73213-27B6-4C9F-B0BB-17CB4E206447} = {827E0CD3-B72D-47B6-A68D-7590B98EB39B}
		{5C2FC0B7-5610-44C0-84A5-34EEC0B83BB7} = {827E0CD3-B72D-47B6-A68D-7590B98EB39B}
		{9ED3BB95-74E2-438E-9AA2-04122B3FC2AC} = {827E0CD3-B72D-47B6-A68D-7590B98EB39B}
		{9358FC19-64AC-4A2F-973B-3CF0482BC938} = {827E0CD3-B72D-47B6-A68D-7590B98EB39B}
		{36AEE880-6D1B-41DC-B347-C03A63BA523E} = {827E0CD3-B72D-47B6-A68D-7590B98EB39B}
		{FDA0FB1B-3112-44FC-AE9A-FE5A28BD11E9} = {827E0CD3-B72D-47B6-A68D-7590B98EB39B}
		{F4E76397-F8F9-4F6F-B25E-1A943E960031} = {827E0CD3-B72D-47B6-A68D-7590B98EB39B}
		{21AD7C29-87C7-44F9-8902-CB4FF0978DD9} = {827E0CD3-B72D-47B6-A68D-7590B98EB39B}
		{A6F6DA68-916A-4922-9A7A-2B548935604B} = {827E0CD3-B72D-47B6-A68D-7590B98EB39B}
		{3B111AC8-4FFF-480E-BBCE-E84C6049CD4A} = {827E0CD3-B72D-47B6-A68D-7590B98EB39B}
		{24B58774-D3F6-46DB-BCBF-AB1FC8CD2EF9} = {827E0CD3-B72D-47B6-A68D-7590B98EB39B}
		{9DB6E01E-A631-4A77-B7E0-42E2CC5F90A3} = {827E0CD3-B72D-47B6-A68D-7590B98EB39B}
		{A24ACB53-26EC-451D-9378-8205BAFF52CB} = {827E0CD3-B72D-47B6-A68D-7590B98EB39B}
		{E1009362-8463-419A-A6FE-14BCBAE1845B} = {827E0CD3-B72D-47B6-A68D-7590B98EB39B}
		{9A9B8477-B436-4D06-A042-C5C2AD23B6FD} = {827E0CD3-B72D-47B6-A68D-7590B98EB39B}
		{3BAD4B67-8E29-46DD-A5F1-27824BB7AEC9} = {827E0CD3-B72D-47B6-A68D-7590B98EB39B}
		{964692F1-AD58-441D-99FC-2957017AF83B} = {827E0CD3-B72D-47B6-A68D-7590B98EB39B}
		{EAF672EB-8153-471C-AEE9-5BBED807EA91} = {827E0CD3-B72D-47B6-A68D-7590B98EB39B}
	EndGlobalSection
EndGlobal
