
Microsoft Visual Studio Solution File, Format Version 12.00
# Visual Studio Version 17
VisualStudioVersion = 17.0.31903.59
MinimumVisualStudioVersion = 10.0.40219.1
Project("{FAE04EC0-301F-11D3-BF4B-00C04F79EFBC}") = "PiiMaker", "PiiMaker\PiiMaker.csproj", "{F18AE71B-6023-407A-B969-790F10BF689B}"
EndProject
Project("{FAE04EC0-301F-11D3-BF4B-00C04F79EFBC}") = "SoEx.Workflow", "..\src\SoEx.Workflow\SoEx.Workflow.csproj", "{D38C597C-666E-4F03-AA0E-BA9D8F0FCE4C}"
EndProject
Project("{FAE04EC0-301F-11D3-BF4B-00C04F79EFBC}") = "SoEx.Workflow.Runtime.Elsa", "..\src\SoEx.Workflow.Runtime.Elsa\SoEx.Workflow.Runtime.Elsa.csproj", "{519016AC-8B9C-4C08-A6DE-CD0AD2099392}"
EndProject
Project("{FAE04EC0-301F-11D3-BF4B-00C04F79EFBC}") = "SoEx.Workflow.Runtime.Temporal", "..\src\SoEx.Workflow.Runtime.Temporal\SoEx.Workflow.Runtime.Temporal.csproj", "{397B8740-16CF-49B3-914C-FB8B1AB5CFB0}"
EndProject
Project("{FAE04EC0-301F-11D3-BF4B-00C04F79EFBC}") = "SoEx.Workflow.Runtime.DurableTask", "..\src\SoEx.Workflow.Runtime.DurableTask\SoEx.Workflow.Runtime.DurableTask.csproj", "{120E1A1E-8BED-469F-B15E-C062F969951E}"
EndProject
Project("{FAE04EC0-301F-11D3-BF4B-00C04F79EFBC}") = "SoEx.Workflow.Runtime.Restate", "..\src\SoEx.Workflow.Runtime.Restate\SoEx.Workflow.Runtime.Restate.csproj", "{B65CE239-B46D-4789-8683-DF2BCFDD1E9F}"
EndProject
Project("{FAE04EC0-301F-11D3-BF4B-00C04F79EFBC}") = "PiiMaker.Manager.Membership.Interface", "PiiMaker\Component\Manager\Membership\Interface\PiiMaker.Manager.Membership.Interface.csproj", "{BE36E2A5-1C76-41DE-A3DE-38455DE4F474}"
EndProject
Project("{FAE04EC0-301F-11D3-BF4B-00C04F79EFBC}") = "SoEx.Workflow.Runtime.Zeebe", "..\src\SoEx.Workflow.Runtime.Zeebe\SoEx.Workflow.Runtime.Zeebe.csproj", "{8B7D6A58-8D1F-41E2-B600-5CC261E8AE05}"
EndProject
Project("{FAE04EC0-301F-11D3-BF4B-00C04F79EFBC}") = "PiiMaker.Access.Billing.Interface", "PiiMaker\Component\Access\Billing\Interface\PiiMaker.Access.Billing.Interface.csproj", "{59147D61-9E37-4111-A08C-E896CF3D5CAD}"
EndProject
Project("{FAE04EC0-301F-11D3-BF4B-00C04F79EFBC}") = "PiiMaker.Access.Billing.Service", "PiiMaker\Component\Access\Billing\Service\PiiMaker.Access.Billing.Service.csproj", "{FB3C3695-1010-4760-80A9-26488400EF15}"
EndProject
Project("{FAE04EC0-301F-11D3-BF4B-00C04F79EFBC}") = "PiiMaker.Access.Identity.Interface", "PiiMaker\Component\Access\Identity\Interface\PiiMaker.Access.Identity.Interface.csproj", "{1B18FE94-5965-4CE6-B43A-A886D124E2DF}"
EndProject
Project("{FAE04EC0-301F-11D3-BF4B-00C04F79EFBC}") = "PiiMaker.Access.Identity.Service", "PiiMaker\Component\Access\Identity\Service\PiiMaker.Access.Identity.Service.csproj", "{1FDBED48-FAC8-4174-9D2B-9E23DAB3A207}"
EndProject
Project("{FAE04EC0-301F-11D3-BF4B-00C04F79EFBC}") = "PiiMaker.Access.Provisioning.Interface", "PiiMaker\Component\Access\Provisioning\Interface\PiiMaker.Access.Provisioning.Interface.csproj", "{2EE42542-CAD2-464E-B22E-2B8204793B1A}"
EndProject
Project("{FAE04EC0-301F-11D3-BF4B-00C04F79EFBC}") = "PiiMaker.Access.Provisioning.Service", "PiiMaker\Component\Access\Provisioning\Service\PiiMaker.Access.Provisioning.Service.csproj", "{EB770A3F-925A-4FBB-9433-8513D749CF24}"
EndProject
Project("{FAE04EC0-301F-11D3-BF4B-00C04F79EFBC}") = "PiiMaker.Access.Retention.Interface", "PiiMaker\Component\Access\Retention\Interface\PiiMaker.Access.Retention.Interface.csproj", "{92E29612-FEF8-4F97-88D8-3B140DCC3855}"
EndProject
Project("{FAE04EC0-301F-11D3-BF4B-00C04F79EFBC}") = "PiiMaker.Access.Retention.Service", "PiiMaker\Component\Access\Retention\Service\PiiMaker.Access.Retention.Service.csproj", "{18B9E03B-D979-41BE-A4DF-C0ABD4AF43F1}"
EndProject
Project("{FAE04EC0-301F-11D3-BF4B-00C04F79EFBC}") = "PiiMaker.Engine.Subscription.Interface", "PiiMaker\Component\Engine\Subscription\Interface\PiiMaker.Engine.Subscription.Interface.csproj", "{ED884BD1-5508-4A09-B401-FF2A23058002}"
EndProject
Project("{FAE04EC0-301F-11D3-BF4B-00C04F79EFBC}") = "PiiMaker.Engine.Subscription.Service", "PiiMaker\Component\Engine\Subscription\Service\PiiMaker.Engine.Subscription.Service.csproj", "{C70BE4FA-0432-42C9-8FB4-4CEFAB9855F7}"
EndProject
Project("{FAE04EC0-301F-11D3-BF4B-00C04F79EFBC}") = "PiiMaker.Manager.Membership.Service", "PiiMaker\Component\Manager\Membership\Service\PiiMaker.Manager.Membership.Service.csproj", "{884C803D-DB2F-463F-8A75-67B890C213B1}"
EndProject
Project("{FAE04EC0-301F-11D3-BF4B-00C04F79EFBC}") = "PiiMaker.iFx", "PiiMaker\iFx\PiiMaker.iFx.csproj", "{D69DF830-A0FD-4851-AD3B-17575EDC15F6}"
EndProject
Project("{FAE04EC0-301F-11D3-BF4B-00C04F79EFBC}") = "PiiMaker.Hosting", "PiiMaker\Hosts\Common\PiiMaker.Hosting.csproj", "{A645B48F-9C0A-4BAF-BAA0-CDCE38E95FCE}"
EndProject
Project("{FAE04EC0-301F-11D3-BF4B-00C04F79EFBC}") = "PiiMaker.Host.InProc", "PiiMaker\Hosts\InProc\PiiMaker.Host.InProc.csproj", "{DBA0AF56-3966-4F9E-BFE5-46F77614EB06}"
EndProject
Project("{FAE04EC0-301F-11D3-BF4B-00C04F79EFBC}") = "PiiMaker.Host.Elsa", "PiiMaker\Hosts\Elsa\PiiMaker.Host.Elsa.csproj", "{4DC9CABD-DF60-408D-BD1B-3F116F7D15BE}"
EndProject
Project("{FAE04EC0-301F-11D3-BF4B-00C04F79EFBC}") = "PiiMaker.Host.Temporal", "PiiMaker\Hosts\Temporal\PiiMaker.Host.Temporal.csproj", "{64FBF184-CB95-4ACB-9889-05B761B509A9}"
EndProject
Project("{FAE04EC0-301F-11D3-BF4B-00C04F79EFBC}") = "PiiMaker.Host.DurableTask", "PiiMaker\Hosts\DurableTask\PiiMaker.Host.DurableTask.csproj", "{64113937-072E-41FA-A688-4DF343A1C7AE}"
EndProject
Project("{FAE04EC0-301F-11D3-BF4B-00C04F79EFBC}") = "PiiMaker.Host.Restate", "PiiMaker\Hosts\Restate\PiiMaker.Host.Restate.csproj", "{0E121756-AC46-4362-9EF7-87E470D06DD7}"
EndProject
Project("{FAE04EC0-301F-11D3-BF4B-00C04F79EFBC}") = "PiiMaker.Host.Zeebe", "PiiMaker\Hosts\Zeebe\PiiMaker.Host.Zeebe.csproj", "{73E1E408-0F51-4DF6-8473-45EFA152158E}"
EndProject
Project("{FAE04EC0-301F-11D3-BF4B-00C04F79EFBC}") = "SoEx.Workflow.Keys.OpenBao", "..\src\SoEx.Workflow.Keys.OpenBao\SoEx.Workflow.Keys.OpenBao.csproj", "{34F6F4BA-7BEF-4987-8B85-7FFE4F0132A3}"
EndProject
Project("{FAE04EC0-301F-11D3-BF4B-00C04F79EFBC}") = "SoEx.Workflow.Keys.RavenDB", "..\src\SoEx.Workflow.Keys.RavenDB\SoEx.Workflow.Keys.RavenDB.csproj", "{D95118C1-4103-4502-B0A6-FB424F3CA55A}"
EndProject
Project("{FAE04EC0-301F-11D3-BF4B-00C04F79EFBC}") = "SoEx.Workflow.Idempotency.RavenDB", "..\src\SoEx.Workflow.Idempotency.RavenDB\SoEx.Workflow.Idempotency.RavenDB.csproj", "{A1BEFA52-DF0B-438F-8C61-5468E081DC88}"
EndProject
Project("{FAE04EC0-301F-11D3-BF4B-00C04F79EFBC}") = "SoEx.Workflow.SubjectIndex.RavenDB", "..\src\SoEx.Workflow.SubjectIndex.RavenDB\SoEx.Workflow.SubjectIndex.RavenDB.csproj", "{0B79010B-06D8-4AAD-BBE4-A3411AA150D2}"
EndProject
Project("{FAE04EC0-301F-11D3-BF4B-00C04F79EFBC}") = "SoEx.Workflow.SubjectIndex.EfCore", "..\src\SoEx.Workflow.SubjectIndex.EfCore\SoEx.Workflow.SubjectIndex.EfCore.csproj", "{619FD8B9-BA0F-4DA7-B813-79A45CF7C634}"
EndProject
Project("{FAE04EC0-301F-11D3-BF4B-00C04F79EFBC}") = "SoEx.Workflow.Maintenance.RavenDB", "..\src\SoEx.Workflow.Maintenance.RavenDB\SoEx.Workflow.Maintenance.RavenDB.csproj", "{D1671A2F-4678-4512-9D26-C8CBF915E893}"
EndProject
Project("{FAE04EC0-301F-11D3-BF4B-00C04F79EFBC}") = "SoEx.Workflow.Maintenance.EfCore", "..\src\SoEx.Workflow.Maintenance.EfCore\SoEx.Workflow.Maintenance.EfCore.csproj", "{5B7C0D58-D34B-45DF-8EF3-095CA1A3F24B}"
EndProject
Project("{FAE04EC0-301F-11D3-BF4B-00C04F79EFBC}") = "SoEx.Transport.Workflow", "..\src\SoEx.Transport.Workflow\SoEx.Transport.Workflow.csproj", "{806734A8-41E6-4B9E-9712-84151F0D809D}"
EndProject
Project("{2150E333-8FDC-42A3-9474-1A3956D46DE8}") = "PiiMaker", "PiiMaker", "{89F2BD6C-5EC1-454E-B346-C52E8A903456}"
EndProject
Project("{2150E333-8FDC-42A3-9474-1A3956D46DE8}") = "src", "src", "{E9B3CE6F-6F15-4D7E-884D-871E48696C7E}"
EndProject
Project("{2150E333-8FDC-42A3-9474-1A3956D46DE8}") = "Component", "Component", "{1C4E4074-6686-4BDF-BB0D-FDE629814F0C}"
EndProject
Project("{2150E333-8FDC-42A3-9474-1A3956D46DE8}") = "Manager", "Manager", "{B6D07ACC-B008-42A8-8B0F-4C838C218B15}"
EndProject
Project("{2150E333-8FDC-42A3-9474-1A3956D46DE8}") = "Membership", "Membership", "{0ADCA6B0-3795-4315-BAA2-C1B4A6EAA164}"
EndProject
Project("{2150E333-8FDC-42A3-9474-1A3956D46DE8}") = "Interface", "Interface", "{15A09D00-A2B4-4780-9B5B-94B31605D2B7}"
EndProject
Project("{2150E333-8FDC-42A3-9474-1A3956D46DE8}") = "Access", "Access", "{1CD5D502-9E6D-4188-B1EF-91756825B1B0}"
EndProject
Project("{2150E333-8FDC-42A3-9474-1A3956D46DE8}") = "Billing", "Billing", "{8421AEDC-3C41-4946-9377-C3AEA312BBF6}"
EndProject
Project("{2150E333-8FDC-42A3-9474-1A3956D46DE8}") = "Interface", "Interface", "{23112E21-6C10-4C0A-BD18-64C1C181838E}"
EndProject
Project("{2150E333-8FDC-42A3-9474-1A3956D46DE8}") = "Service", "Service", "{53E6758F-1EF1-4108-A7AA-33CA97460BCA}"
EndProject
Project("{2150E333-8FDC-42A3-9474-1A3956D46DE8}") = "Identity", "Identity", "{5CF3B8F7-A0C4-4CD6-958D-73E40B6F8292}"
EndProject
Project("{2150E333-8FDC-42A3-9474-1A3956D46DE8}") = "Interface", "Interface", "{C8A630E0-2D33-4482-9F10-E4712BA397B1}"
EndProject
Project("{2150E333-8FDC-42A3-9474-1A3956D46DE8}") = "Service", "Service", "{C8A80B54-EB07-4292-8D66-D8CC865A1E97}"
EndProject
Project("{2150E333-8FDC-42A3-9474-1A3956D46DE8}") = "Provisioning", "Provisioning", "{6E3BB736-C6C8-4D84-B8F6-B72AEA8E5463}"
EndProject
Project("{2150E333-8FDC-42A3-9474-1A3956D46DE8}") = "Interface", "Interface", "{9C7B1F24-D658-4F29-92C1-8C82CEDF624E}"
EndProject
Project("{2150E333-8FDC-42A3-9474-1A3956D46DE8}") = "Service", "Service", "{6F4B3A2C-D13A-498D-8CF9-971CAD5C61C1}"
EndProject
Project("{2150E333-8FDC-42A3-9474-1A3956D46DE8}") = "Retention", "Retention", "{A3149A4E-8905-4041-BC5A-D63B21F8E057}"
EndProject
Project("{2150E333-8FDC-42A3-9474-1A3956D46DE8}") = "Interface", "Interface", "{8296B2B9-96EA-406E-ADAB-05AEA6D37BA4}"
EndProject
Project("{2150E333-8FDC-42A3-9474-1A3956D46DE8}") = "Service", "Service", "{FE36BB83-0566-4690-87D1-3EC4522C3C2B}"
EndProject
Project("{2150E333-8FDC-42A3-9474-1A3956D46DE8}") = "Engine", "Engine", "{48A4604F-1092-44E5-8CE7-E509B820A22C}"
EndProject
Project("{2150E333-8FDC-42A3-9474-1A3956D46DE8}") = "Subscription", "Subscription", "{4E8A0728-0A95-4908-928E-AD1979CAC790}"
EndProject
Project("{2150E333-8FDC-42A3-9474-1A3956D46DE8}") = "Interface", "Interface", "{471F2EB5-61AF-4481-9983-62F0BEE5D53E}"
EndProject
Project("{2150E333-8FDC-42A3-9474-1A3956D46DE8}") = "Service", "Service", "{463525A9-9989-4A20-BB7A-93054309AE02}"
EndProject
Project("{2150E333-8FDC-42A3-9474-1A3956D46DE8}") = "Service", "Service", "{2250ADC1-2034-4991-84B3-499F9D912EDF}"
EndProject
Project("{2150E333-8FDC-42A3-9474-1A3956D46DE8}") = "iFx", "iFx", "{A4E80850-E720-4246-81E3-5FB73FB1D55B}"
EndProject
Project("{2150E333-8FDC-42A3-9474-1A3956D46DE8}") = "Hosts", "Hosts", "{A642EC3E-C837-4B68-B136-FF273606902B}"
EndProject
Project("{2150E333-8FDC-42A3-9474-1A3956D46DE8}") = "Common", "Common", "{A311B02D-4AE7-4AA2-9F60-BC8BB8F73F36}"
EndProject
Project("{2150E333-8FDC-42A3-9474-1A3956D46DE8}") = "InProc", "InProc", "{674D1862-2B58-498F-A035-E54B90F335C5}"
EndProject
Project("{2150E333-8FDC-42A3-9474-1A3956D46DE8}") = "Elsa", "Elsa", "{5B4054AE-2F1F-47A6-8F53-BECCD8462566}"
EndProject
Project("{2150E333-8FDC-42A3-9474-1A3956D46DE8}") = "Temporal", "Temporal", "{29517B01-9148-4287-BC5B-1623DA2CB091}"
EndProject
Project("{2150E333-8FDC-42A3-9474-1A3956D46DE8}") = "DurableTask", "DurableTask", "{FE926CEF-DD90-40F5-B50F-11C36721F4C7}"
EndProject
Project("{2150E333-8FDC-42A3-9474-1A3956D46DE8}") = "Restate", "Restate", "{B656C3C1-08A9-490B-A7D2-9F52C7B24E26}"
EndProject
Project("{2150E333-8FDC-42A3-9474-1A3956D46DE8}") = "Zeebe", "Zeebe", "{9F52CF08-19A0-425D-B602-BB61EB14F475}"
EndProject
Project("{FAE04EC0-301F-11D3-BF4B-00C04F79EFBC}") = "SoEx.Method.Workflow.Abstractions", "..\src\SoEx.Method.Workflow.Abstractions\SoEx.Method.Workflow.Abstractions.csproj", "{C0476E7A-15CE-499B-A4E5-E83093AED66E}"
EndProject
Project("{FAE04EC0-301F-11D3-BF4B-00C04F79EFBC}") = "SoEx.Method.Workflow", "..\src\SoEx.Method.Workflow\SoEx.Method.Workflow.csproj", "{48E2649A-85F4-4482-BE62-E24A58288A79}"
EndProject
Project("{FAE04EC0-301F-11D3-BF4B-00C04F79EFBC}") = "SoEx.Workflow.Runtime.InMemory", "..\src\SoEx.Workflow.Runtime.InMemory\SoEx.Workflow.Runtime.InMemory.csproj", "{E47D85CA-3597-4425-A6CF-39DB96E279FA}"
EndProject
Project("{FAE04EC0-301F-11D3-BF4B-00C04F79EFBC}") = "SoEx.Workflow.Abstractions", "..\src\SoEx.Workflow.Abstractions\SoEx.Workflow.Abstractions.csproj", "{E94842D0-851C-41ED-9444-A5C2A3741D90}"
EndProject
Project("{FAE04EC0-301F-11D3-BF4B-00C04F79EFBC}") = "SoEx.Workflow.Stores.Abstractions", "..\src\SoEx.Workflow.Stores.Abstractions\SoEx.Workflow.Stores.Abstractions.csproj", "{5D56E415-D6AE-4F0D-A0EF-7351DA41BCA1}"
EndProject
Global
	GlobalSection(SolutionConfigurationPlatforms) = preSolution
		Debug|Any CPU = Debug|Any CPU
		Debug|x64 = Debug|x64
		Debug|x86 = Debug|x86
		Release|Any CPU = Release|Any CPU
		Release|x64 = Release|x64
		Release|x86 = Release|x86
	EndGlobalSection
	GlobalSection(ProjectConfigurationPlatforms) = postSolution
		{F18AE71B-6023-407A-B969-790F10BF689B}.Debug|Any CPU.ActiveCfg = Debug|Any CPU
		{F18AE71B-6023-407A-B969-790F10BF689B}.Debug|Any CPU.Build.0 = Debug|Any CPU
		{F18AE71B-6023-407A-B969-790F10BF689B}.Debug|x64.ActiveCfg = Debug|Any CPU
		{F18AE71B-6023-407A-B969-790F10BF689B}.Debug|x64.Build.0 = Debug|Any CPU
		{F18AE71B-6023-407A-B969-790F10BF689B}.Debug|x86.ActiveCfg = Debug|Any CPU
		{F18AE71B-6023-407A-B969-790F10BF689B}.Debug|x86.Build.0 = Debug|Any CPU
		{F18AE71B-6023-407A-B969-790F10BF689B}.Release|Any CPU.ActiveCfg = Release|Any CPU
		{F18AE71B-6023-407A-B969-790F10BF689B}.Release|Any CPU.Build.0 = Release|Any CPU
		{F18AE71B-6023-407A-B969-790F10BF689B}.Release|x64.ActiveCfg = Release|Any CPU
		{F18AE71B-6023-407A-B969-790F10BF689B}.Release|x64.Build.0 = Release|Any CPU
		{F18AE71B-6023-407A-B969-790F10BF689B}.Release|x86.ActiveCfg = Release|Any CPU
		{F18AE71B-6023-407A-B969-790F10BF689B}.Release|x86.Build.0 = Release|Any CPU
		{D38C597C-666E-4F03-AA0E-BA9D8F0FCE4C}.Debug|Any CPU.ActiveCfg = Debug|Any CPU
		{D38C597C-666E-4F03-AA0E-BA9D8F0FCE4C}.Debug|Any CPU.Build.0 = Debug|Any CPU
		{D38C597C-666E-4F03-AA0E-BA9D8F0FCE4C}.Debug|x64.ActiveCfg = Debug|Any CPU
		{D38C597C-666E-4F03-AA0E-BA9D8F0FCE4C}.Debug|x64.Build.0 = Debug|Any CPU
		{D38C597C-666E-4F03-AA0E-BA9D8F0FCE4C}.Debug|x86.ActiveCfg = Debug|Any CPU
		{D38C597C-666E-4F03-AA0E-BA9D8F0FCE4C}.Debug|x86.Build.0 = Debug|Any CPU
		{D38C597C-666E-4F03-AA0E-BA9D8F0FCE4C}.Release|Any CPU.ActiveCfg = Release|Any CPU
		{D38C597C-666E-4F03-AA0E-BA9D8F0FCE4C}.Release|Any CPU.Build.0 = Release|Any CPU
		{D38C597C-666E-4F03-AA0E-BA9D8F0FCE4C}.Release|x64.ActiveCfg = Release|Any CPU
		{D38C597C-666E-4F03-AA0E-BA9D8F0FCE4C}.Release|x64.Build.0 = Release|Any CPU
		{D38C597C-666E-4F03-AA0E-BA9D8F0FCE4C}.Release|x86.ActiveCfg = Release|Any CPU
		{D38C597C-666E-4F03-AA0E-BA9D8F0FCE4C}.Release|x86.Build.0 = Release|Any CPU
		{519016AC-8B9C-4C08-A6DE-CD0AD2099392}.Debug|Any CPU.ActiveCfg = Debug|Any CPU
		{519016AC-8B9C-4C08-A6DE-CD0AD2099392}.Debug|Any CPU.Build.0 = Debug|Any CPU
		{519016AC-8B9C-4C08-A6DE-CD0AD2099392}.Debug|x64.ActiveCfg = Debug|Any CPU
		{519016AC-8B9C-4C08-A6DE-CD0AD2099392}.Debug|x64.Build.0 = Debug|Any CPU
		{519016AC-8B9C-4C08-A6DE-CD0AD2099392}.Debug|x86.ActiveCfg = Debug|Any CPU
		{519016AC-8B9C-4C08-A6DE-CD0AD2099392}.Debug|x86.Build.0 = Debug|Any CPU
		{519016AC-8B9C-4C08-A6DE-CD0AD2099392}.Release|Any CPU.ActiveCfg = Release|Any CPU
		{519016AC-8B9C-4C08-A6DE-CD0AD2099392}.Release|Any CPU.Build.0 = Release|Any CPU
		{519016AC-8B9C-4C08-A6DE-CD0AD2099392}.Release|x64.ActiveCfg = Release|Any CPU
		{519016AC-8B9C-4C08-A6DE-CD0AD2099392}.Release|x64.Build.0 = Release|Any CPU
		{519016AC-8B9C-4C08-A6DE-CD0AD2099392}.Release|x86.ActiveCfg = Release|Any CPU
		{519016AC-8B9C-4C08-A6DE-CD0AD2099392}.Release|x86.Build.0 = Release|Any CPU
		{397B8740-16CF-49B3-914C-FB8B1AB5CFB0}.Debug|Any CPU.ActiveCfg = Debug|Any CPU
		{397B8740-16CF-49B3-914C-FB8B1AB5CFB0}.Debug|Any CPU.Build.0 = Debug|Any CPU
		{397B8740-16CF-49B3-914C-FB8B1AB5CFB0}.Debug|x64.ActiveCfg = Debug|Any CPU
		{397B8740-16CF-49B3-914C-FB8B1AB5CFB0}.Debug|x64.Build.0 = Debug|Any CPU
		{397B8740-16CF-49B3-914C-FB8B1AB5CFB0}.Debug|x86.ActiveCfg = Debug|Any CPU
		{397B8740-16CF-49B3-914C-FB8B1AB5CFB0}.Debug|x86.Build.0 = Debug|Any CPU
		{397B8740-16CF-49B3-914C-FB8B1AB5CFB0}.Release|Any CPU.ActiveCfg = Release|Any CPU
		{397B8740-16CF-49B3-914C-FB8B1AB5CFB0}.Release|Any CPU.Build.0 = Release|Any CPU
		{397B8740-16CF-49B3-914C-FB8B1AB5CFB0}.Release|x64.ActiveCfg = Release|Any CPU
		{397B8740-16CF-49B3-914C-FB8B1AB5CFB0}.Release|x64.Build.0 = Release|Any CPU
		{397B8740-16CF-49B3-914C-FB8B1AB5CFB0}.Release|x86.ActiveCfg = Release|Any CPU
		{397B8740-16CF-49B3-914C-FB8B1AB5CFB0}.Release|x86.Build.0 = Release|Any CPU
		{120E1A1E-8BED-469F-B15E-C062F969951E}.Debug|Any CPU.ActiveCfg = Debug|Any CPU
		{120E1A1E-8BED-469F-B15E-C062F969951E}.Debug|Any CPU.Build.0 = Debug|Any CPU
		{120E1A1E-8BED-469F-B15E-C062F969951E}.Debug|x64.ActiveCfg = Debug|Any CPU
		{120E1A1E-8BED-469F-B15E-C062F969951E}.Debug|x64.Build.0 = Debug|Any CPU
		{120E1A1E-8BED-469F-B15E-C062F969951E}.Debug|x86.ActiveCfg = Debug|Any CPU
		{120E1A1E-8BED-469F-B15E-C062F969951E}.Debug|x86.Build.0 = Debug|Any CPU
		{120E1A1E-8BED-469F-B15E-C062F969951E}.Release|Any CPU.ActiveCfg = Release|Any CPU
		{120E1A1E-8BED-469F-B15E-C062F969951E}.Release|Any CPU.Build.0 = Release|Any CPU
		{120E1A1E-8BED-469F-B15E-C062F969951E}.Release|x64.ActiveCfg = Release|Any CPU
		{120E1A1E-8BED-469F-B15E-C062F969951E}.Release|x64.Build.0 = Release|Any CPU
		{120E1A1E-8BED-469F-B15E-C062F969951E}.Release|x86.ActiveCfg = Release|Any CPU
		{120E1A1E-8BED-469F-B15E-C062F969951E}.Release|x86.Build.0 = Release|Any CPU
		{B65CE239-B46D-4789-8683-DF2BCFDD1E9F}.Debug|Any CPU.ActiveCfg = Debug|Any CPU
		{B65CE239-B46D-4789-8683-DF2BCFDD1E9F}.Debug|Any CPU.Build.0 = Debug|Any CPU
		{B65CE239-B46D-4789-8683-DF2BCFDD1E9F}.Debug|x64.ActiveCfg = Debug|Any CPU
		{B65CE239-B46D-4789-8683-DF2BCFDD1E9F}.Debug|x64.Build.0 = Debug|Any CPU
		{B65CE239-B46D-4789-8683-DF2BCFDD1E9F}.Debug|x86.ActiveCfg = Debug|Any CPU
		{B65CE239-B46D-4789-8683-DF2BCFDD1E9F}.Debug|x86.Build.0 = Debug|Any CPU
		{B65CE239-B46D-4789-8683-DF2BCFDD1E9F}.Release|Any CPU.ActiveCfg = Release|Any CPU
		{B65CE239-B46D-4789-8683-DF2BCFDD1E9F}.Release|Any CPU.Build.0 = Release|Any CPU
		{B65CE239-B46D-4789-8683-DF2BCFDD1E9F}.Release|x64.ActiveCfg = Release|Any CPU
		{B65CE239-B46D-4789-8683-DF2BCFDD1E9F}.Release|x64.Build.0 = Release|Any CPU
		{B65CE239-B46D-4789-8683-DF2BCFDD1E9F}.Release|x86.ActiveCfg = Release|Any CPU
		{B65CE239-B46D-4789-8683-DF2BCFDD1E9F}.Release|x86.Build.0 = Release|Any CPU
		{BE36E2A5-1C76-41DE-A3DE-38455DE4F474}.Debug|Any CPU.ActiveCfg = Debug|Any CPU
		{BE36E2A5-1C76-41DE-A3DE-38455DE4F474}.Debug|Any CPU.Build.0 = Debug|Any CPU
		{BE36E2A5-1C76-41DE-A3DE-38455DE4F474}.Debug|x64.ActiveCfg = Debug|Any CPU
		{BE36E2A5-1C76-41DE-A3DE-38455DE4F474}.Debug|x64.Build.0 = Debug|Any CPU
		{BE36E2A5-1C76-41DE-A3DE-38455DE4F474}.Debug|x86.ActiveCfg = Debug|Any CPU
		{BE36E2A5-1C76-41DE-A3DE-38455DE4F474}.Debug|x86.Build.0 = Debug|Any CPU
		{BE36E2A5-1C76-41DE-A3DE-38455DE4F474}.Release|Any CPU.ActiveCfg = Release|Any CPU
		{BE36E2A5-1C76-41DE-A3DE-38455DE4F474}.Release|Any CPU.Build.0 = Release|Any CPU
		{BE36E2A5-1C76-41DE-A3DE-38455DE4F474}.Release|x64.ActiveCfg = Release|Any CPU
		{BE36E2A5-1C76-41DE-A3DE-38455DE4F474}.Release|x64.Build.0 = Release|Any CPU
		{BE36E2A5-1C76-41DE-A3DE-38455DE4F474}.Release|x86.ActiveCfg = Release|Any CPU
		{BE36E2A5-1C76-41DE-A3DE-38455DE4F474}.Release|x86.Build.0 = Release|Any CPU
		{8B7D6A58-8D1F-41E2-B600-5CC261E8AE05}.Debug|Any CPU.ActiveCfg = Debug|Any CPU
		{8B7D6A58-8D1F-41E2-B600-5CC261E8AE05}.Debug|Any CPU.Build.0 = Debug|Any CPU
		{8B7D6A58-8D1F-41E2-B600-5CC261E8AE05}.Debug|x64.ActiveCfg = Debug|Any CPU
		{8B7D6A58-8D1F-41E2-B600-5CC261E8AE05}.Debug|x64.Build.0 = Debug|Any CPU
		{8B7D6A58-8D1F-41E2-B600-5CC261E8AE05}.Debug|x86.ActiveCfg = Debug|Any CPU
		{8B7D6A58-8D1F-41E2-B600-5CC261E8AE05}.Debug|x86.Build.0 = Debug|Any CPU
		{8B7D6A58-8D1F-41E2-B600-5CC261E8AE05}.Release|Any CPU.ActiveCfg = Release|Any CPU
		{8B7D6A58-8D1F-41E2-B600-5CC261E8AE05}.Release|Any CPU.Build.0 = Release|Any CPU
		{8B7D6A58-8D1F-41E2-B600-5CC261E8AE05}.Release|x64.ActiveCfg = Release|Any CPU
		{8B7D6A58-8D1F-41E2-B600-5CC261E8AE05}.Release|x64.Build.0 = Release|Any CPU
		{8B7D6A58-8D1F-41E2-B600-5CC261E8AE05}.Release|x86.ActiveCfg = Release|Any CPU
		{8B7D6A58-8D1F-41E2-B600-5CC261E8AE05}.Release|x86.Build.0 = Release|Any CPU
		{59147D61-9E37-4111-A08C-E896CF3D5CAD}.Debug|Any CPU.ActiveCfg = Debug|Any CPU
		{59147D61-9E37-4111-A08C-E896CF3D5CAD}.Debug|Any CPU.Build.0 = Debug|Any CPU
		{59147D61-9E37-4111-A08C-E896CF3D5CAD}.Debug|x64.ActiveCfg = Debug|Any CPU
		{59147D61-9E37-4111-A08C-E896CF3D5CAD}.Debug|x64.Build.0 = Debug|Any CPU
		{59147D61-9E37-4111-A08C-E896CF3D5CAD}.Debug|x86.ActiveCfg = Debug|Any CPU
		{59147D61-9E37-4111-A08C-E896CF3D5CAD}.Debug|x86.Build.0 = Debug|Any CPU
		{59147D61-9E37-4111-A08C-E896CF3D5CAD}.Release|Any CPU.ActiveCfg = Release|Any CPU
		{59147D61-9E37-4111-A08C-E896CF3D5CAD}.Release|Any CPU.Build.0 = Release|Any CPU
		{59147D61-9E37-4111-A08C-E896CF3D5CAD}.Release|x64.ActiveCfg = Release|Any CPU
		{59147D61-9E37-4111-A08C-E896CF3D5CAD}.Release|x64.Build.0 = Release|Any CPU
		{59147D61-9E37-4111-A08C-E896CF3D5CAD}.Release|x86.ActiveCfg = Release|Any CPU
		{59147D61-9E37-4111-A08C-E896CF3D5CAD}.Release|x86.Build.0 = Release|Any CPU
		{FB3C3695-1010-4760-80A9-26488400EF15}.Debug|Any CPU.ActiveCfg = Debug|Any CPU
		{FB3C3695-1010-4760-80A9-26488400EF15}.Debug|Any CPU.Build.0 = Debug|Any CPU
		{FB3C3695-1010-4760-80A9-26488400EF15}.Debug|x64.ActiveCfg = Debug|Any CPU
		{FB3C3695-1010-4760-80A9-26488400EF15}.Debug|x64.Build.0 = Debug|Any CPU
		{FB3C3695-1010-4760-80A9-26488400EF15}.Debug|x86.ActiveCfg = Debug|Any CPU
		{FB3C3695-1010-4760-80A9-26488400EF15}.Debug|x86.Build.0 = Debug|Any CPU
		{FB3C3695-1010-4760-80A9-26488400EF15}.Release|Any CPU.ActiveCfg = Release|Any CPU
		{FB3C3695-1010-4760-80A9-26488400EF15}.Release|Any CPU.Build.0 = Release|Any CPU
		{FB3C3695-1010-4760-80A9-26488400EF15}.Release|x64.ActiveCfg = Release|Any CPU
		{FB3C3695-1010-4760-80A9-26488400EF15}.Release|x64.Build.0 = Release|Any CPU
		{FB3C3695-1010-4760-80A9-26488400EF15}.Release|x86.ActiveCfg = Release|Any CPU
		{FB3C3695-1010-4760-80A9-26488400EF15}.Release|x86.Build.0 = Release|Any CPU
		{1B18FE94-5965-4CE6-B43A-A886D124E2DF}.Debug|Any CPU.ActiveCfg = Debug|Any CPU
		{1B18FE94-5965-4CE6-B43A-A886D124E2DF}.Debug|Any CPU.Build.0 = Debug|Any CPU
		{1B18FE94-5965-4CE6-B43A-A886D124E2DF}.Debug|x64.ActiveCfg = Debug|Any CPU
		{1B18FE94-5965-4CE6-B43A-A886D124E2DF}.Debug|x64.Build.0 = Debug|Any CPU
		{1B18FE94-5965-4CE6-B43A-A886D124E2DF}.Debug|x86.ActiveCfg = Debug|Any CPU
		{1B18FE94-5965-4CE6-B43A-A886D124E2DF}.Debug|x86.Build.0 = Debug|Any CPU
		{1B18FE94-5965-4CE6-B43A-A886D124E2DF}.Release|Any CPU.ActiveCfg = Release|Any CPU
		{1B18FE94-5965-4CE6-B43A-A886D124E2DF}.Release|Any CPU.Build.0 = Release|Any CPU
		{1B18FE94-5965-4CE6-B43A-A886D124E2DF}.Release|x64.ActiveCfg = Release|Any CPU
		{1B18FE94-5965-4CE6-B43A-A886D124E2DF}.Release|x64.Build.0 = Release|Any CPU
		{1B18FE94-5965-4CE6-B43A-A886D124E2DF}.Release|x86.ActiveCfg = Release|Any CPU
		{1B18FE94-5965-4CE6-B43A-A886D124E2DF}.Release|x86.Build.0 = Release|Any CPU
		{1FDBED48-FAC8-4174-9D2B-9E23DAB3A207}.Debug|Any CPU.ActiveCfg = Debug|Any CPU
		{1FDBED48-FAC8-4174-9D2B-9E23DAB3A207}.Debug|Any CPU.Build.0 = Debug|Any CPU
		{1FDBED48-FAC8-4174-9D2B-9E23DAB3A207}.Debug|x64.ActiveCfg = Debug|Any CPU
		{1FDBED48-FAC8-4174-9D2B-9E23DAB3A207}.Debug|x64.Build.0 = Debug|Any CPU
		{1FDBED48-FAC8-4174-9D2B-9E23DAB3A207}.Debug|x86.ActiveCfg = Debug|Any CPU
		{1FDBED48-FAC8-4174-9D2B-9E23DAB3A207}.Debug|x86.Build.0 = Debug|Any CPU
		{1FDBED48-FAC8-4174-9D2B-9E23DAB3A207}.Release|Any CPU.ActiveCfg = Release|Any CPU
		{1FDBED48-FAC8-4174-9D2B-9E23DAB3A207}.Release|Any CPU.Build.0 = Release|Any CPU
		{1FDBED48-FAC8-4174-9D2B-9E23DAB3A207}.Release|x64.ActiveCfg = Release|Any CPU
		{1FDBED48-FAC8-4174-9D2B-9E23DAB3A207}.Release|x64.Build.0 = Release|Any CPU
		{1FDBED48-FAC8-4174-9D2B-9E23DAB3A207}.Release|x86.ActiveCfg = Release|Any CPU
		{1FDBED48-FAC8-4174-9D2B-9E23DAB3A207}.Release|x86.Build.0 = Release|Any CPU
		{2EE42542-CAD2-464E-B22E-2B8204793B1A}.Debug|Any CPU.ActiveCfg = Debug|Any CPU
		{2EE42542-CAD2-464E-B22E-2B8204793B1A}.Debug|Any CPU.Build.0 = Debug|Any CPU
		{2EE42542-CAD2-464E-B22E-2B8204793B1A}.Debug|x64.ActiveCfg = Debug|Any CPU
		{2EE42542-CAD2-464E-B22E-2B8204793B1A}.Debug|x64.Build.0 = Debug|Any CPU
		{2EE42542-CAD2-464E-B22E-2B8204793B1A}.Debug|x86.ActiveCfg = Debug|Any CPU
		{2EE42542-CAD2-464E-B22E-2B8204793B1A}.Debug|x86.Build.0 = Debug|Any CPU
		{2EE42542-CAD2-464E-B22E-2B8204793B1A}.Release|Any CPU.ActiveCfg = Release|Any CPU
		{2EE42542-CAD2-464E-B22E-2B8204793B1A}.Release|Any CPU.Build.0 = Release|Any CPU
		{2EE42542-CAD2-464E-B22E-2B8204793B1A}.Release|x64.ActiveCfg = Release|Any CPU
		{2EE42542-CAD2-464E-B22E-2B8204793B1A}.Release|x64.Build.0 = Release|Any CPU
		{2EE42542-CAD2-464E-B22E-2B8204793B1A}.Release|x86.ActiveCfg = Release|Any CPU
		{2EE42542-CAD2-464E-B22E-2B8204793B1A}.Release|x86.Build.0 = Release|Any CPU
		{EB770A3F-925A-4FBB-9433-8513D749CF24}.Debug|Any CPU.ActiveCfg = Debug|Any CPU
		{EB770A3F-925A-4FBB-9433-8513D749CF24}.Debug|Any CPU.Build.0 = Debug|Any CPU
		{EB770A3F-925A-4FBB-9433-8513D749CF24}.Debug|x64.ActiveCfg = Debug|Any CPU
		{EB770A3F-925A-4FBB-9433-8513D749CF24}.Debug|x64.Build.0 = Debug|Any CPU
		{EB770A3F-925A-4FBB-9433-8513D749CF24}.Debug|x86.ActiveCfg = Debug|Any CPU
		{EB770A3F-925A-4FBB-9433-8513D749CF24}.Debug|x86.Build.0 = Debug|Any CPU
		{EB770A3F-925A-4FBB-9433-8513D749CF24}.Release|Any CPU.ActiveCfg = Release|Any CPU
		{EB770A3F-925A-4FBB-9433-8513D749CF24}.Release|Any CPU.Build.0 = Release|Any CPU
		{EB770A3F-925A-4FBB-9433-8513D749CF24}.Release|x64.ActiveCfg = Release|Any CPU
		{EB770A3F-925A-4FBB-9433-8513D749CF24}.Release|x64.Build.0 = Release|Any CPU
		{EB770A3F-925A-4FBB-9433-8513D749CF24}.Release|x86.ActiveCfg = Release|Any CPU
		{EB770A3F-925A-4FBB-9433-8513D749CF24}.Release|x86.Build.0 = Release|Any CPU
		{92E29612-FEF8-4F97-88D8-3B140DCC3855}.Debug|Any CPU.ActiveCfg = Debug|Any CPU
		{92E29612-FEF8-4F97-88D8-3B140DCC3855}.Debug|Any CPU.Build.0 = Debug|Any CPU
		{92E29612-FEF8-4F97-88D8-3B140DCC3855}.Debug|x64.ActiveCfg = Debug|Any CPU
		{92E29612-FEF8-4F97-88D8-3B140DCC3855}.Debug|x64.Build.0 = Debug|Any CPU
		{92E29612-FEF8-4F97-88D8-3B140DCC3855}.Debug|x86.ActiveCfg = Debug|Any CPU
		{92E29612-FEF8-4F97-88D8-3B140DCC3855}.Debug|x86.Build.0 = Debug|Any CPU
		{92E29612-FEF8-4F97-88D8-3B140DCC3855}.Release|Any CPU.ActiveCfg = Release|Any CPU
		{92E29612-FEF8-4F97-88D8-3B140DCC3855}.Release|Any CPU.Build.0 = Release|Any CPU
		{92E29612-FEF8-4F97-88D8-3B140DCC3855}.Release|x64.ActiveCfg = Release|Any CPU
		{92E29612-FEF8-4F97-88D8-3B140DCC3855}.Release|x64.Build.0 = Release|Any CPU
		{92E29612-FEF8-4F97-88D8-3B140DCC3855}.Release|x86.ActiveCfg = Release|Any CPU
		{92E29612-FEF8-4F97-88D8-3B140DCC3855}.Release|x86.Build.0 = Release|Any CPU
		{18B9E03B-D979-41BE-A4DF-C0ABD4AF43F1}.Debug|Any CPU.ActiveCfg = Debug|Any CPU
		{18B9E03B-D979-41BE-A4DF-C0ABD4AF43F1}.Debug|Any CPU.Build.0 = Debug|Any CPU
		{18B9E03B-D979-41BE-A4DF-C0ABD4AF43F1}.Debug|x64.ActiveCfg = Debug|Any CPU
		{18B9E03B-D979-41BE-A4DF-C0ABD4AF43F1}.Debug|x64.Build.0 = Debug|Any CPU
		{18B9E03B-D979-41BE-A4DF-C0ABD4AF43F1}.Debug|x86.ActiveCfg = Debug|Any CPU
		{18B9E03B-D979-41BE-A4DF-C0ABD4AF43F1}.Debug|x86.Build.0 = Debug|Any CPU
		{18B9E03B-D979-41BE-A4DF-C0ABD4AF43F1}.Release|Any CPU.ActiveCfg = Release|Any CPU
		{18B9E03B-D979-41BE-A4DF-C0ABD4AF43F1}.Release|Any CPU.Build.0 = Release|Any CPU
		{18B9E03B-D979-41BE-A4DF-C0ABD4AF43F1}.Release|x64.ActiveCfg = Release|Any CPU
		{18B9E03B-D979-41BE-A4DF-C0ABD4AF43F1}.Release|x64.Build.0 = Release|Any CPU
		{18B9E03B-D979-41BE-A4DF-C0ABD4AF43F1}.Release|x86.ActiveCfg = Release|Any CPU
		{18B9E03B-D979-41BE-A4DF-C0ABD4AF43F1}.Release|x86.Build.0 = Release|Any CPU
		{ED884BD1-5508-4A09-B401-FF2A23058002}.Debug|Any CPU.ActiveCfg = Debug|Any CPU
		{ED884BD1-5508-4A09-B401-FF2A23058002}.Debug|Any CPU.Build.0 = Debug|Any CPU
		{ED884BD1-5508-4A09-B401-FF2A23058002}.Debug|x64.ActiveCfg = Debug|Any CPU
		{ED884BD1-5508-4A09-B401-FF2A23058002}.Debug|x64.Build.0 = Debug|Any CPU
		{ED884BD1-5508-4A09-B401-FF2A23058002}.Debug|x86.ActiveCfg = Debug|Any CPU
		{ED884BD1-5508-4A09-B401-FF2A23058002}.Debug|x86.Build.0 = Debug|Any CPU
		{ED884BD1-5508-4A09-B401-FF2A23058002}.Release|Any CPU.ActiveCfg = Release|Any CPU
		{ED884BD1-5508-4A09-B401-FF2A23058002}.Release|Any CPU.Build.0 = Release|Any CPU
		{ED884BD1-5508-4A09-B401-FF2A23058002}.Release|x64.ActiveCfg = Release|Any CPU
		{ED884BD1-5508-4A09-B401-FF2A23058002}.Release|x64.Build.0 = Release|Any CPU
		{ED884BD1-5508-4A09-B401-FF2A23058002}.Release|x86.ActiveCfg = Release|Any CPU
		{ED884BD1-5508-4A09-B401-FF2A23058002}.Release|x86.Build.0 = Release|Any CPU
		{C70BE4FA-0432-42C9-8FB4-4CEFAB9855F7}.Debug|Any CPU.ActiveCfg = Debug|Any CPU
		{C70BE4FA-0432-42C9-8FB4-4CEFAB9855F7}.Debug|Any CPU.Build.0 = Debug|Any CPU
		{C70BE4FA-0432-42C9-8FB4-4CEFAB9855F7}.Debug|x64.ActiveCfg = Debug|Any CPU
		{C70BE4FA-0432-42C9-8FB4-4CEFAB9855F7}.Debug|x64.Build.0 = Debug|Any CPU
		{C70BE4FA-0432-42C9-8FB4-4CEFAB9855F7}.Debug|x86.ActiveCfg = Debug|Any CPU
		{C70BE4FA-0432-42C9-8FB4-4CEFAB9855F7}.Debug|x86.Build.0 = Debug|Any CPU
		{C70BE4FA-0432-42C9-8FB4-4CEFAB9855F7}.Release|Any CPU.ActiveCfg = Release|Any CPU
		{C70BE4FA-0432-42C9-8FB4-4CEFAB9855F7}.Release|Any CPU.Build.0 = Release|Any CPU
		{C70BE4FA-0432-42C9-8FB4-4CEFAB9855F7}.Release|x64.ActiveCfg = Release|Any CPU
		{C70BE4FA-0432-42C9-8FB4-4CEFAB9855F7}.Release|x64.Build.0 = Release|Any CPU
		{C70BE4FA-0432-42C9-8FB4-4CEFAB9855F7}.Release|x86.ActiveCfg = Release|Any CPU
		{C70BE4FA-0432-42C9-8FB4-4CEFAB9855F7}.Release|x86.Build.0 = Release|Any CPU
		{884C803D-DB2F-463F-8A75-67B890C213B1}.Debug|Any CPU.ActiveCfg = Debug|Any CPU
		{884C803D-DB2F-463F-8A75-67B890C213B1}.Debug|Any CPU.Build.0 = Debug|Any CPU
		{884C803D-DB2F-463F-8A75-67B890C213B1}.Debug|x64.ActiveCfg = Debug|Any CPU
		{884C803D-DB2F-463F-8A75-67B890C213B1}.Debug|x64.Build.0 = Debug|Any CPU
		{884C803D-DB2F-463F-8A75-67B890C213B1}.Debug|x86.ActiveCfg = Debug|Any CPU
		{884C803D-DB2F-463F-8A75-67B890C213B1}.Debug|x86.Build.0 = Debug|Any CPU
		{884C803D-DB2F-463F-8A75-67B890C213B1}.Release|Any CPU.ActiveCfg = Release|Any CPU
		{884C803D-DB2F-463F-8A75-67B890C213B1}.Release|Any CPU.Build.0 = Release|Any CPU
		{884C803D-DB2F-463F-8A75-67B890C213B1}.Release|x64.ActiveCfg = Release|Any CPU
		{884C803D-DB2F-463F-8A75-67B890C213B1}.Release|x64.Build.0 = Release|Any CPU
		{884C803D-DB2F-463F-8A75-67B890C213B1}.Release|x86.ActiveCfg = Release|Any CPU
		{884C803D-DB2F-463F-8A75-67B890C213B1}.Release|x86.Build.0 = Release|Any CPU
		{D69DF830-A0FD-4851-AD3B-17575EDC15F6}.Debug|Any CPU.ActiveCfg = Debug|Any CPU
		{D69DF830-A0FD-4851-AD3B-17575EDC15F6}.Debug|Any CPU.Build.0 = Debug|Any CPU
		{D69DF830-A0FD-4851-AD3B-17575EDC15F6}.Debug|x64.ActiveCfg = Debug|Any CPU
		{D69DF830-A0FD-4851-AD3B-17575EDC15F6}.Debug|x64.Build.0 = Debug|Any CPU
		{D69DF830-A0FD-4851-AD3B-17575EDC15F6}.Debug|x86.ActiveCfg = Debug|Any CPU
		{D69DF830-A0FD-4851-AD3B-17575EDC15F6}.Debug|x86.Build.0 = Debug|Any CPU
		{D69DF830-A0FD-4851-AD3B-17575EDC15F6}.Release|Any CPU.ActiveCfg = Release|Any CPU
		{D69DF830-A0FD-4851-AD3B-17575EDC15F6}.Release|Any CPU.Build.0 = Release|Any CPU
		{D69DF830-A0FD-4851-AD3B-17575EDC15F6}.Release|x64.ActiveCfg = Release|Any CPU
		{D69DF830-A0FD-4851-AD3B-17575EDC15F6}.Release|x64.Build.0 = Release|Any CPU
		{D69DF830-A0FD-4851-AD3B-17575EDC15F6}.Release|x86.ActiveCfg = Release|Any CPU
		{D69DF830-A0FD-4851-AD3B-17575EDC15F6}.Release|x86.Build.0 = Release|Any CPU
		{A645B48F-9C0A-4BAF-BAA0-CDCE38E95FCE}.Debug|Any CPU.ActiveCfg = Debug|Any CPU
		{A645B48F-9C0A-4BAF-BAA0-CDCE38E95FCE}.Debug|Any CPU.Build.0 = Debug|Any CPU
		{A645B48F-9C0A-4BAF-BAA0-CDCE38E95FCE}.Debug|x64.ActiveCfg = Debug|Any CPU
		{A645B48F-9C0A-4BAF-BAA0-CDCE38E95FCE}.Debug|x64.Build.0 = Debug|Any CPU
		{A645B48F-9C0A-4BAF-BAA0-CDCE38E95FCE}.Debug|x86.ActiveCfg = Debug|Any CPU
		{A645B48F-9C0A-4BAF-BAA0-CDCE38E95FCE}.Debug|x86.Build.0 = Debug|Any CPU
		{A645B48F-9C0A-4BAF-BAA0-CDCE38E95FCE}.Release|Any CPU.ActiveCfg = Release|Any CPU
		{A645B48F-9C0A-4BAF-BAA0-CDCE38E95FCE}.Release|Any CPU.Build.0 = Release|Any CPU
		{A645B48F-9C0A-4BAF-BAA0-CDCE38E95FCE}.Release|x64.ActiveCfg = Release|Any CPU
		{A645B48F-9C0A-4BAF-BAA0-CDCE38E95FCE}.Release|x64.Build.0 = Release|Any CPU
		{A645B48F-9C0A-4BAF-BAA0-CDCE38E95FCE}.Release|x86.ActiveCfg = Release|Any CPU
		{A645B48F-9C0A-4BAF-BAA0-CDCE38E95FCE}.Release|x86.Build.0 = Release|Any CPU
		{DBA0AF56-3966-4F9E-BFE5-46F77614EB06}.Debug|Any CPU.ActiveCfg = Debug|Any CPU
		{DBA0AF56-3966-4F9E-BFE5-46F77614EB06}.Debug|Any CPU.Build.0 = Debug|Any CPU
		{DBA0AF56-3966-4F9E-BFE5-46F77614EB06}.Debug|x64.ActiveCfg = Debug|Any CPU
		{DBA0AF56-3966-4F9E-BFE5-46F77614EB06}.Debug|x64.Build.0 = Debug|Any CPU
		{DBA0AF56-3966-4F9E-BFE5-46F77614EB06}.Debug|x86.ActiveCfg = Debug|Any CPU
		{DBA0AF56-3966-4F9E-BFE5-46F77614EB06}.Debug|x86.Build.0 = Debug|Any CPU
		{DBA0AF56-3966-4F9E-BFE5-46F77614EB06}.Release|Any CPU.ActiveCfg = Release|Any CPU
		{DBA0AF56-3966-4F9E-BFE5-46F77614EB06}.Release|Any CPU.Build.0 = Release|Any CPU
		{DBA0AF56-3966-4F9E-BFE5-46F77614EB06}.Release|x64.ActiveCfg = Release|Any CPU
		{DBA0AF56-3966-4F9E-BFE5-46F77614EB06}.Release|x64.Build.0 = Release|Any CPU
		{DBA0AF56-3966-4F9E-BFE5-46F77614EB06}.Release|x86.ActiveCfg = Release|Any CPU
		{DBA0AF56-3966-4F9E-BFE5-46F77614EB06}.Release|x86.Build.0 = Release|Any CPU
		{4DC9CABD-DF60-408D-BD1B-3F116F7D15BE}.Debug|Any CPU.ActiveCfg = Debug|Any CPU
		{4DC9CABD-DF60-408D-BD1B-3F116F7D15BE}.Debug|Any CPU.Build.0 = Debug|Any CPU
		{4DC9CABD-DF60-408D-BD1B-3F116F7D15BE}.Debug|x64.ActiveCfg = Debug|Any CPU
		{4DC9CABD-DF60-408D-BD1B-3F116F7D15BE}.Debug|x64.Build.0 = Debug|Any CPU
		{4DC9CABD-DF60-408D-BD1B-3F116F7D15BE}.Debug|x86.ActiveCfg = Debug|Any CPU
		{4DC9CABD-DF60-408D-BD1B-3F116F7D15BE}.Debug|x86.Build.0 = Debug|Any CPU
		{4DC9CABD-DF60-408D-BD1B-3F116F7D15BE}.Release|Any CPU.ActiveCfg = Release|Any CPU
		{4DC9CABD-DF60-408D-BD1B-3F116F7D15BE}.Release|Any CPU.Build.0 = Release|Any CPU
		{4DC9CABD-DF60-408D-BD1B-3F116F7D15BE}.Release|x64.ActiveCfg = Release|Any CPU
		{4DC9CABD-DF60-408D-BD1B-3F116F7D15BE}.Release|x64.Build.0 = Release|Any CPU
		{4DC9CABD-DF60-408D-BD1B-3F116F7D15BE}.Release|x86.ActiveCfg = Release|Any CPU
		{4DC9CABD-DF60-408D-BD1B-3F116F7D15BE}.Release|x86.Build.0 = Release|Any CPU
		{64FBF184-CB95-4ACB-9889-05B761B509A9}.Debug|Any CPU.ActiveCfg = Debug|Any CPU
		{64FBF184-CB95-4ACB-9889-05B761B509A9}.Debug|Any CPU.Build.0 = Debug|Any CPU
		{64FBF184-CB95-4ACB-9889-05B761B509A9}.Debug|x64.ActiveCfg = Debug|Any CPU
		{64FBF184-CB95-4ACB-9889-05B761B509A9}.Debug|x64.Build.0 = Debug|Any CPU
		{64FBF184-CB95-4ACB-9889-05B761B509A9}.Debug|x86.ActiveCfg = Debug|Any CPU
		{64FBF184-CB95-4ACB-9889-05B761B509A9}.Debug|x86.Build.0 = Debug|Any CPU
		{64FBF184-CB95-4ACB-9889-05B761B509A9}.Release|Any CPU.ActiveCfg = Release|Any CPU
		{64FBF184-CB95-4ACB-9889-05B761B509A9}.Release|Any CPU.Build.0 = Release|Any CPU
		{64FBF184-CB95-4ACB-9889-05B761B509A9}.Release|x64.ActiveCfg = Release|Any CPU
		{64FBF184-CB95-4ACB-9889-05B761B509A9}.Release|x64.Build.0 = Release|Any CPU
		{64FBF184-CB95-4ACB-9889-05B761B509A9}.Release|x86.ActiveCfg = Release|Any CPU
		{64FBF184-CB95-4ACB-9889-05B761B509A9}.Release|x86.Build.0 = Release|Any CPU
		{64113937-072E-41FA-A688-4DF343A1C7AE}.Debug|Any CPU.ActiveCfg = Debug|Any CPU
		{64113937-072E-41FA-A688-4DF343A1C7AE}.Debug|Any CPU.Build.0 = Debug|Any CPU
		{64113937-072E-41FA-A688-4DF343A1C7AE}.Debug|x64.ActiveCfg = Debug|Any CPU
		{64113937-072E-41FA-A688-4DF343A1C7AE}.Debug|x64.Build.0 = Debug|Any CPU
		{64113937-072E-41FA-A688-4DF343A1C7AE}.Debug|x86.ActiveCfg = Debug|Any CPU
		{64113937-072E-41FA-A688-4DF343A1C7AE}.Debug|x86.Build.0 = Debug|Any CPU
		{64113937-072E-41FA-A688-4DF343A1C7AE}.Release|Any CPU.ActiveCfg = Release|Any CPU
		{64113937-072E-41FA-A688-4DF343A1C7AE}.Release|Any CPU.Build.0 = Release|Any CPU
		{64113937-072E-41FA-A688-4DF343A1C7AE}.Release|x64.ActiveCfg = Release|Any CPU
		{64113937-072E-41FA-A688-4DF343A1C7AE}.Release|x64.Build.0 = Release|Any CPU
		{64113937-072E-41FA-A688-4DF343A1C7AE}.Release|x86.ActiveCfg = Release|Any CPU
		{64113937-072E-41FA-A688-4DF343A1C7AE}.Release|x86.Build.0 = Release|Any CPU
		{0E121756-AC46-4362-9EF7-87E470D06DD7}.Debug|Any CPU.ActiveCfg = Debug|Any CPU
		{0E121756-AC46-4362-9EF7-87E470D06DD7}.Debug|Any CPU.Build.0 = Debug|Any CPU
		{0E121756-AC46-4362-9EF7-87E470D06DD7}.Debug|x64.ActiveCfg = Debug|Any CPU
		{0E121756-AC46-4362-9EF7-87E470D06DD7}.Debug|x64.Build.0 = Debug|Any CPU
		{0E121756-AC46-4362-9EF7-87E470D06DD7}.Debug|x86.ActiveCfg = Debug|Any CPU
		{0E121756-AC46-4362-9EF7-87E470D06DD7}.Debug|x86.Build.0 = Debug|Any CPU
		{0E121756-AC46-4362-9EF7-87E470D06DD7}.Release|Any CPU.ActiveCfg = Release|Any CPU
		{0E121756-AC46-4362-9EF7-87E470D06DD7}.Release|Any CPU.Build.0 = Release|Any CPU
		{0E121756-AC46-4362-9EF7-87E470D06DD7}.Release|x64.ActiveCfg = Release|Any CPU
		{0E121756-AC46-4362-9EF7-87E470D06DD7}.Release|x64.Build.0 = Release|Any CPU
		{0E121756-AC46-4362-9EF7-87E470D06DD7}.Release|x86.ActiveCfg = Release|Any CPU
		{0E121756-AC46-4362-9EF7-87E470D06DD7}.Release|x86.Build.0 = Release|Any CPU
		{73E1E408-0F51-4DF6-8473-45EFA152158E}.Debug|Any CPU.ActiveCfg = Debug|Any CPU
		{73E1E408-0F51-4DF6-8473-45EFA152158E}.Debug|Any CPU.Build.0 = Debug|Any CPU
		{73E1E408-0F51-4DF6-8473-45EFA152158E}.Debug|x64.ActiveCfg = Debug|Any CPU
		{73E1E408-0F51-4DF6-8473-45EFA152158E}.Debug|x64.Build.0 = Debug|Any CPU
		{73E1E408-0F51-4DF6-8473-45EFA152158E}.Debug|x86.ActiveCfg = Debug|Any CPU
		{73E1E408-0F51-4DF6-8473-45EFA152158E}.Debug|x86.Build.0 = Debug|Any CPU
		{73E1E408-0F51-4DF6-8473-45EFA152158E}.Release|Any CPU.ActiveCfg = Release|Any CPU
		{73E1E408-0F51-4DF6-8473-45EFA152158E}.Release|Any CPU.Build.0 = Release|Any CPU
		{73E1E408-0F51-4DF6-8473-45EFA152158E}.Release|x64.ActiveCfg = Release|Any CPU
		{73E1E408-0F51-4DF6-8473-45EFA152158E}.Release|x64.Build.0 = Release|Any CPU
		{73E1E408-0F51-4DF6-8473-45EFA152158E}.Release|x86.ActiveCfg = Release|Any CPU
		{73E1E408-0F51-4DF6-8473-45EFA152158E}.Release|x86.Build.0 = Release|Any CPU
		{34F6F4BA-7BEF-4987-8B85-7FFE4F0132A3}.Debug|Any CPU.ActiveCfg = Debug|Any CPU
		{34F6F4BA-7BEF-4987-8B85-7FFE4F0132A3}.Debug|Any CPU.Build.0 = Debug|Any CPU
		{34F6F4BA-7BEF-4987-8B85-7FFE4F0132A3}.Debug|x64.ActiveCfg = Debug|Any CPU
		{34F6F4BA-7BEF-4987-8B85-7FFE4F0132A3}.Debug|x64.Build.0 = Debug|Any CPU
		{34F6F4BA-7BEF-4987-8B85-7FFE4F0132A3}.Debug|x86.ActiveCfg = Debug|Any CPU
		{34F6F4BA-7BEF-4987-8B85-7FFE4F0132A3}.Debug|x86.Build.0 = Debug|Any CPU
		{34F6F4BA-7BEF-4987-8B85-7FFE4F0132A3}.Release|Any CPU.ActiveCfg = Release|Any CPU
		{34F6F4BA-7BEF-4987-8B85-7FFE4F0132A3}.Release|Any CPU.Build.0 = Release|Any CPU
		{34F6F4BA-7BEF-4987-8B85-7FFE4F0132A3}.Release|x64.ActiveCfg = Release|Any CPU
		{34F6F4BA-7BEF-4987-8B85-7FFE4F0132A3}.Release|x64.Build.0 = Release|Any CPU
		{34F6F4BA-7BEF-4987-8B85-7FFE4F0132A3}.Release|x86.ActiveCfg = Release|Any CPU
		{34F6F4BA-7BEF-4987-8B85-7FFE4F0132A3}.Release|x86.Build.0 = Release|Any CPU
		{D95118C1-4103-4502-B0A6-FB424F3CA55A}.Debug|Any CPU.ActiveCfg = Debug|Any CPU
		{D95118C1-4103-4502-B0A6-FB424F3CA55A}.Debug|Any CPU.Build.0 = Debug|Any CPU
		{D95118C1-4103-4502-B0A6-FB424F3CA55A}.Debug|x64.ActiveCfg = Debug|Any CPU
		{D95118C1-4103-4502-B0A6-FB424F3CA55A}.Debug|x64.Build.0 = Debug|Any CPU
		{D95118C1-4103-4502-B0A6-FB424F3CA55A}.Debug|x86.ActiveCfg = Debug|Any CPU
		{D95118C1-4103-4502-B0A6-FB424F3CA55A}.Debug|x86.Build.0 = Debug|Any CPU
		{D95118C1-4103-4502-B0A6-FB424F3CA55A}.Release|Any CPU.ActiveCfg = Release|Any CPU
		{D95118C1-4103-4502-B0A6-FB424F3CA55A}.Release|Any CPU.Build.0 = Release|Any CPU
		{D95118C1-4103-4502-B0A6-FB424F3CA55A}.Release|x64.ActiveCfg = Release|Any CPU
		{D95118C1-4103-4502-B0A6-FB424F3CA55A}.Release|x64.Build.0 = Release|Any CPU
		{D95118C1-4103-4502-B0A6-FB424F3CA55A}.Release|x86.ActiveCfg = Release|Any CPU
		{D95118C1-4103-4502-B0A6-FB424F3CA55A}.Release|x86.Build.0 = Release|Any CPU
		{A1BEFA52-DF0B-438F-8C61-5468E081DC88}.Debug|Any CPU.ActiveCfg = Debug|Any CPU
		{A1BEFA52-DF0B-438F-8C61-5468E081DC88}.Debug|Any CPU.Build.0 = Debug|Any CPU
		{A1BEFA52-DF0B-438F-8C61-5468E081DC88}.Debug|x64.ActiveCfg = Debug|Any CPU
		{A1BEFA52-DF0B-438F-8C61-5468E081DC88}.Debug|x64.Build.0 = Debug|Any CPU
		{A1BEFA52-DF0B-438F-8C61-5468E081DC88}.Debug|x86.ActiveCfg = Debug|Any CPU
		{A1BEFA52-DF0B-438F-8C61-5468E081DC88}.Debug|x86.Build.0 = Debug|Any CPU
		{A1BEFA52-DF0B-438F-8C61-5468E081DC88}.Release|Any CPU.ActiveCfg = Release|Any CPU
		{A1BEFA52-DF0B-438F-8C61-5468E081DC88}.Release|Any CPU.Build.0 = Release|Any CPU
		{A1BEFA52-DF0B-438F-8C61-5468E081DC88}.Release|x64.ActiveCfg = Release|Any CPU
		{A1BEFA52-DF0B-438F-8C61-5468E081DC88}.Release|x64.Build.0 = Release|Any CPU
		{A1BEFA52-DF0B-438F-8C61-5468E081DC88}.Release|x86.ActiveCfg = Release|Any CPU
		{A1BEFA52-DF0B-438F-8C61-5468E081DC88}.Release|x86.Build.0 = Release|Any CPU
		{0B79010B-06D8-4AAD-BBE4-A3411AA150D2}.Debug|Any CPU.ActiveCfg = Debug|Any CPU
		{0B79010B-06D8-4AAD-BBE4-A3411AA150D2}.Debug|Any CPU.Build.0 = Debug|Any CPU
		{0B79010B-06D8-4AAD-BBE4-A3411AA150D2}.Debug|x64.ActiveCfg = Debug|Any CPU
		{0B79010B-06D8-4AAD-BBE4-A3411AA150D2}.Debug|x64.Build.0 = Debug|Any CPU
		{0B79010B-06D8-4AAD-BBE4-A3411AA150D2}.Debug|x86.ActiveCfg = Debug|Any CPU
		{0B79010B-06D8-4AAD-BBE4-A3411AA150D2}.Debug|x86.Build.0 = Debug|Any CPU
		{0B79010B-06D8-4AAD-BBE4-A3411AA150D2}.Release|Any CPU.ActiveCfg = Release|Any CPU
		{0B79010B-06D8-4AAD-BBE4-A3411AA150D2}.Release|Any CPU.Build.0 = Release|Any CPU
		{0B79010B-06D8-4AAD-BBE4-A3411AA150D2}.Release|x64.ActiveCfg = Release|Any CPU
		{0B79010B-06D8-4AAD-BBE4-A3411AA150D2}.Release|x64.Build.0 = Release|Any CPU
		{0B79010B-06D8-4AAD-BBE4-A3411AA150D2}.Release|x86.ActiveCfg = Release|Any CPU
		{0B79010B-06D8-4AAD-BBE4-A3411AA150D2}.Release|x86.Build.0 = Release|Any CPU
		{619FD8B9-BA0F-4DA7-B813-79A45CF7C634}.Debug|Any CPU.ActiveCfg = Debug|Any CPU
		{619FD8B9-BA0F-4DA7-B813-79A45CF7C634}.Debug|Any CPU.Build.0 = Debug|Any CPU
		{619FD8B9-BA0F-4DA7-B813-79A45CF7C634}.Debug|x64.ActiveCfg = Debug|Any CPU
		{619FD8B9-BA0F-4DA7-B813-79A45CF7C634}.Debug|x64.Build.0 = Debug|Any CPU
		{619FD8B9-BA0F-4DA7-B813-79A45CF7C634}.Debug|x86.ActiveCfg = Debug|Any CPU
		{619FD8B9-BA0F-4DA7-B813-79A45CF7C634}.Debug|x86.Build.0 = Debug|Any CPU
		{619FD8B9-BA0F-4DA7-B813-79A45CF7C634}.Release|Any CPU.ActiveCfg = Release|Any CPU
		{619FD8B9-BA0F-4DA7-B813-79A45CF7C634}.Release|Any CPU.Build.0 = Release|Any CPU
		{619FD8B9-BA0F-4DA7-B813-79A45CF7C634}.Release|x64.ActiveCfg = Release|Any CPU
		{619FD8B9-BA0F-4DA7-B813-79A45CF7C634}.Release|x64.Build.0 = Release|Any CPU
		{619FD8B9-BA0F-4DA7-B813-79A45CF7C634}.Release|x86.ActiveCfg = Release|Any CPU
		{619FD8B9-BA0F-4DA7-B813-79A45CF7C634}.Release|x86.Build.0 = Release|Any CPU
		{D1671A2F-4678-4512-9D26-C8CBF915E893}.Debug|Any CPU.ActiveCfg = Debug|Any CPU
		{D1671A2F-4678-4512-9D26-C8CBF915E893}.Debug|Any CPU.Build.0 = Debug|Any CPU
		{D1671A2F-4678-4512-9D26-C8CBF915E893}.Debug|x64.ActiveCfg = Debug|Any CPU
		{D1671A2F-4678-4512-9D26-C8CBF915E893}.Debug|x64.Build.0 = Debug|Any CPU
		{D1671A2F-4678-4512-9D26-C8CBF915E893}.Debug|x86.ActiveCfg = Debug|Any CPU
		{D1671A2F-4678-4512-9D26-C8CBF915E893}.Debug|x86.Build.0 = Debug|Any CPU
		{D1671A2F-4678-4512-9D26-C8CBF915E893}.Release|Any CPU.ActiveCfg = Release|Any CPU
		{D1671A2F-4678-4512-9D26-C8CBF915E893}.Release|Any CPU.Build.0 = Release|Any CPU
		{D1671A2F-4678-4512-9D26-C8CBF915E893}.Release|x64.ActiveCfg = Release|Any CPU
		{D1671A2F-4678-4512-9D26-C8CBF915E893}.Release|x64.Build.0 = Release|Any CPU
		{D1671A2F-4678-4512-9D26-C8CBF915E893}.Release|x86.ActiveCfg = Release|Any CPU
		{D1671A2F-4678-4512-9D26-C8CBF915E893}.Release|x86.Build.0 = Release|Any CPU
		{5B7C0D58-D34B-45DF-8EF3-095CA1A3F24B}.Debug|Any CPU.ActiveCfg = Debug|Any CPU
		{5B7C0D58-D34B-45DF-8EF3-095CA1A3F24B}.Debug|Any CPU.Build.0 = Debug|Any CPU
		{5B7C0D58-D34B-45DF-8EF3-095CA1A3F24B}.Debug|x64.ActiveCfg = Debug|Any CPU
		{5B7C0D58-D34B-45DF-8EF3-095CA1A3F24B}.Debug|x64.Build.0 = Debug|Any CPU
		{5B7C0D58-D34B-45DF-8EF3-095CA1A3F24B}.Debug|x86.ActiveCfg = Debug|Any CPU
		{5B7C0D58-D34B-45DF-8EF3-095CA1A3F24B}.Debug|x86.Build.0 = Debug|Any CPU
		{5B7C0D58-D34B-45DF-8EF3-095CA1A3F24B}.Release|Any CPU.ActiveCfg = Release|Any CPU
		{5B7C0D58-D34B-45DF-8EF3-095CA1A3F24B}.Release|Any CPU.Build.0 = Release|Any CPU
		{5B7C0D58-D34B-45DF-8EF3-095CA1A3F24B}.Release|x64.ActiveCfg = Release|Any CPU
		{5B7C0D58-D34B-45DF-8EF3-095CA1A3F24B}.Release|x64.Build.0 = Release|Any CPU
		{5B7C0D58-D34B-45DF-8EF3-095CA1A3F24B}.Release|x86.ActiveCfg = Release|Any CPU
		{5B7C0D58-D34B-45DF-8EF3-095CA1A3F24B}.Release|x86.Build.0 = Release|Any CPU
		{806734A8-41E6-4B9E-9712-84151F0D809D}.Debug|Any CPU.ActiveCfg = Debug|Any CPU
		{806734A8-41E6-4B9E-9712-84151F0D809D}.Debug|Any CPU.Build.0 = Debug|Any CPU
		{806734A8-41E6-4B9E-9712-84151F0D809D}.Debug|x64.ActiveCfg = Debug|Any CPU
		{806734A8-41E6-4B9E-9712-84151F0D809D}.Debug|x64.Build.0 = Debug|Any CPU
		{806734A8-41E6-4B9E-9712-84151F0D809D}.Debug|x86.ActiveCfg = Debug|Any CPU
		{806734A8-41E6-4B9E-9712-84151F0D809D}.Debug|x86.Build.0 = Debug|Any CPU
		{806734A8-41E6-4B9E-9712-84151F0D809D}.Release|Any CPU.ActiveCfg = Release|Any CPU
		{806734A8-41E6-4B9E-9712-84151F0D809D}.Release|Any CPU.Build.0 = Release|Any CPU
		{806734A8-41E6-4B9E-9712-84151F0D809D}.Release|x64.ActiveCfg = Release|Any CPU
		{806734A8-41E6-4B9E-9712-84151F0D809D}.Release|x64.Build.0 = Release|Any CPU
		{806734A8-41E6-4B9E-9712-84151F0D809D}.Release|x86.ActiveCfg = Release|Any CPU
		{806734A8-41E6-4B9E-9712-84151F0D809D}.Release|x86.Build.0 = Release|Any CPU
		{C0476E7A-15CE-499B-A4E5-E83093AED66E}.Debug|Any CPU.ActiveCfg = Debug|Any CPU
		{C0476E7A-15CE-499B-A4E5-E83093AED66E}.Debug|Any CPU.Build.0 = Debug|Any CPU
		{C0476E7A-15CE-499B-A4E5-E83093AED66E}.Debug|x64.ActiveCfg = Debug|Any CPU
		{C0476E7A-15CE-499B-A4E5-E83093AED66E}.Debug|x64.Build.0 = Debug|Any CPU
		{C0476E7A-15CE-499B-A4E5-E83093AED66E}.Debug|x86.ActiveCfg = Debug|Any CPU
		{C0476E7A-15CE-499B-A4E5-E83093AED66E}.Debug|x86.Build.0 = Debug|Any CPU
		{C0476E7A-15CE-499B-A4E5-E83093AED66E}.Release|Any CPU.ActiveCfg = Release|Any CPU
		{C0476E7A-15CE-499B-A4E5-E83093AED66E}.Release|Any CPU.Build.0 = Release|Any CPU
		{C0476E7A-15CE-499B-A4E5-E83093AED66E}.Release|x64.ActiveCfg = Release|Any CPU
		{C0476E7A-15CE-499B-A4E5-E83093AED66E}.Release|x64.Build.0 = Release|Any CPU
		{C0476E7A-15CE-499B-A4E5-E83093AED66E}.Release|x86.ActiveCfg = Release|Any CPU
		{C0476E7A-15CE-499B-A4E5-E83093AED66E}.Release|x86.Build.0 = Release|Any CPU
		{48E2649A-85F4-4482-BE62-E24A58288A79}.Debug|Any CPU.ActiveCfg = Debug|Any CPU
		{48E2649A-85F4-4482-BE62-E24A58288A79}.Debug|Any CPU.Build.0 = Debug|Any CPU
		{48E2649A-85F4-4482-BE62-E24A58288A79}.Debug|x64.ActiveCfg = Debug|Any CPU
		{48E2649A-85F4-4482-BE62-E24A58288A79}.Debug|x64.Build.0 = Debug|Any CPU
		{48E2649A-85F4-4482-BE62-E24A58288A79}.Debug|x86.ActiveCfg = Debug|Any CPU
		{48E2649A-85F4-4482-BE62-E24A58288A79}.Debug|x86.Build.0 = Debug|Any CPU
		{48E2649A-85F4-4482-BE62-E24A58288A79}.Release|Any CPU.ActiveCfg = Release|Any CPU
		{48E2649A-85F4-4482-BE62-E24A58288A79}.Release|Any CPU.Build.0 = Release|Any CPU
		{48E2649A-85F4-4482-BE62-E24A58288A79}.Release|x64.ActiveCfg = Release|Any CPU
		{48E2649A-85F4-4482-BE62-E24A58288A79}.Release|x64.Build.0 = Release|Any CPU
		{48E2649A-85F4-4482-BE62-E24A58288A79}.Release|x86.ActiveCfg = Release|Any CPU
		{48E2649A-85F4-4482-BE62-E24A58288A79}.Release|x86.Build.0 = Release|Any CPU
		{E47D85CA-3597-4425-A6CF-39DB96E279FA}.Debug|Any CPU.ActiveCfg = Debug|Any CPU
		{E47D85CA-3597-4425-A6CF-39DB96E279FA}.Debug|Any CPU.Build.0 = Debug|Any CPU
		{E47D85CA-3597-4425-A6CF-39DB96E279FA}.Debug|x64.ActiveCfg = Debug|Any CPU
		{E47D85CA-3597-4425-A6CF-39DB96E279FA}.Debug|x64.Build.0 = Debug|Any CPU
		{E47D85CA-3597-4425-A6CF-39DB96E279FA}.Debug|x86.ActiveCfg = Debug|Any CPU
		{E47D85CA-3597-4425-A6CF-39DB96E279FA}.Debug|x86.Build.0 = Debug|Any CPU
		{E47D85CA-3597-4425-A6CF-39DB96E279FA}.Release|Any CPU.ActiveCfg = Release|Any CPU
		{E47D85CA-3597-4425-A6CF-39DB96E279FA}.Release|Any CPU.Build.0 = Release|Any CPU
		{E47D85CA-3597-4425-A6CF-39DB96E279FA}.Release|x64.ActiveCfg = Release|Any CPU
		{E47D85CA-3597-4425-A6CF-39DB96E279FA}.Release|x64.Build.0 = Release|Any CPU
		{E47D85CA-3597-4425-A6CF-39DB96E279FA}.Release|x86.ActiveCfg = Release|Any CPU
		{E47D85CA-3597-4425-A6CF-39DB96E279FA}.Release|x86.Build.0 = Release|Any CPU
		{E94842D0-851C-41ED-9444-A5C2A3741D90}.Debug|Any CPU.ActiveCfg = Debug|Any CPU
		{E94842D0-851C-41ED-9444-A5C2A3741D90}.Debug|Any CPU.Build.0 = Debug|Any CPU
		{E94842D0-851C-41ED-9444-A5C2A3741D90}.Debug|x64.ActiveCfg = Debug|Any CPU
		{E94842D0-851C-41ED-9444-A5C2A3741D90}.Debug|x64.Build.0 = Debug|Any CPU
		{E94842D0-851C-41ED-9444-A5C2A3741D90}.Debug|x86.ActiveCfg = Debug|Any CPU
		{E94842D0-851C-41ED-9444-A5C2A3741D90}.Debug|x86.Build.0 = Debug|Any CPU
		{E94842D0-851C-41ED-9444-A5C2A3741D90}.Release|Any CPU.ActiveCfg = Release|Any CPU
		{E94842D0-851C-41ED-9444-A5C2A3741D90}.Release|Any CPU.Build.0 = Release|Any CPU
		{E94842D0-851C-41ED-9444-A5C2A3741D90}.Release|x64.ActiveCfg = Release|Any CPU
		{E94842D0-851C-41ED-9444-A5C2A3741D90}.Release|x64.Build.0 = Release|Any CPU
		{E94842D0-851C-41ED-9444-A5C2A3741D90}.Release|x86.ActiveCfg = Release|Any CPU
		{E94842D0-851C-41ED-9444-A5C2A3741D90}.Release|x86.Build.0 = Release|Any CPU
		{5D56E415-D6AE-4F0D-A0EF-7351DA41BCA1}.Debug|Any CPU.ActiveCfg = Debug|Any CPU
		{5D56E415-D6AE-4F0D-A0EF-7351DA41BCA1}.Debug|Any CPU.Build.0 = Debug|Any CPU
		{5D56E415-D6AE-4F0D-A0EF-7351DA41BCA1}.Debug|x64.ActiveCfg = Debug|Any CPU
		{5D56E415-D6AE-4F0D-A0EF-7351DA41BCA1}.Debug|x64.Build.0 = Debug|Any CPU
		{5D56E415-D6AE-4F0D-A0EF-7351DA41BCA1}.Debug|x86.ActiveCfg = Debug|Any CPU
		{5D56E415-D6AE-4F0D-A0EF-7351DA41BCA1}.Debug|x86.Build.0 = Debug|Any CPU
		{5D56E415-D6AE-4F0D-A0EF-7351DA41BCA1}.Release|Any CPU.ActiveCfg = Release|Any CPU
		{5D56E415-D6AE-4F0D-A0EF-7351DA41BCA1}.Release|Any CPU.Build.0 = Release|Any CPU
		{5D56E415-D6AE-4F0D-A0EF-7351DA41BCA1}.Release|x64.ActiveCfg = Release|Any CPU
		{5D56E415-D6AE-4F0D-A0EF-7351DA41BCA1}.Release|x64.Build.0 = Release|Any CPU
		{5D56E415-D6AE-4F0D-A0EF-7351DA41BCA1}.Release|x86.ActiveCfg = Release|Any CPU
		{5D56E415-D6AE-4F0D-A0EF-7351DA41BCA1}.Release|x86.Build.0 = Release|Any CPU
	EndGlobalSection
	GlobalSection(SolutionProperties) = preSolution
		HideSolutionNode = FALSE
	EndGlobalSection
	GlobalSection(NestedProjects) = preSolution
		{F18AE71B-6023-407A-B969-790F10BF689B} = {89F2BD6C-5EC1-454E-B346-C52E8A903456}
		{D38C597C-666E-4F03-AA0E-BA9D8F0FCE4C} = {E9B3CE6F-6F15-4D7E-884D-871E48696C7E}
		{519016AC-8B9C-4C08-A6DE-CD0AD2099392} = {E9B3CE6F-6F15-4D7E-884D-871E48696C7E}
		{397B8740-16CF-49B3-914C-FB8B1AB5CFB0} = {E9B3CE6F-6F15-4D7E-884D-871E48696C7E}
		{120E1A1E-8BED-469F-B15E-C062F969951E} = {E9B3CE6F-6F15-4D7E-884D-871E48696C7E}
		{B65CE239-B46D-4789-8683-DF2BCFDD1E9F} = {E9B3CE6F-6F15-4D7E-884D-871E48696C7E}
		{BE36E2A5-1C76-41DE-A3DE-38455DE4F474} = {15A09D00-A2B4-4780-9B5B-94B31605D2B7}
		{8B7D6A58-8D1F-41E2-B600-5CC261E8AE05} = {E9B3CE6F-6F15-4D7E-884D-871E48696C7E}
		{59147D61-9E37-4111-A08C-E896CF3D5CAD} = {23112E21-6C10-4C0A-BD18-64C1C181838E}
		{FB3C3695-1010-4760-80A9-26488400EF15} = {53E6758F-1EF1-4108-A7AA-33CA97460BCA}
		{1B18FE94-5965-4CE6-B43A-A886D124E2DF} = {C8A630E0-2D33-4482-9F10-E4712BA397B1}
		{1FDBED48-FAC8-4174-9D2B-9E23DAB3A207} = {C8A80B54-EB07-4292-8D66-D8CC865A1E97}
		{2EE42542-CAD2-464E-B22E-2B8204793B1A} = {9C7B1F24-D658-4F29-92C1-8C82CEDF624E}
		{EB770A3F-925A-4FBB-9433-8513D749CF24} = {6F4B3A2C-D13A-498D-8CF9-971CAD5C61C1}
		{92E29612-FEF8-4F97-88D8-3B140DCC3855} = {8296B2B9-96EA-406E-ADAB-05AEA6D37BA4}
		{18B9E03B-D979-41BE-A4DF-C0ABD4AF43F1} = {FE36BB83-0566-4690-87D1-3EC4522C3C2B}
		{ED884BD1-5508-4A09-B401-FF2A23058002} = {471F2EB5-61AF-4481-9983-62F0BEE5D53E}
		{C70BE4FA-0432-42C9-8FB4-4CEFAB9855F7} = {463525A9-9989-4A20-BB7A-93054309AE02}
		{884C803D-DB2F-463F-8A75-67B890C213B1} = {2250ADC1-2034-4991-84B3-499F9D912EDF}
		{D69DF830-A0FD-4851-AD3B-17575EDC15F6} = {A4E80850-E720-4246-81E3-5FB73FB1D55B}
		{A645B48F-9C0A-4BAF-BAA0-CDCE38E95FCE} = {A311B02D-4AE7-4AA2-9F60-BC8BB8F73F36}
		{DBA0AF56-3966-4F9E-BFE5-46F77614EB06} = {674D1862-2B58-498F-A035-E54B90F335C5}
		{4DC9CABD-DF60-408D-BD1B-3F116F7D15BE} = {5B4054AE-2F1F-47A6-8F53-BECCD8462566}
		{64FBF184-CB95-4ACB-9889-05B761B509A9} = {29517B01-9148-4287-BC5B-1623DA2CB091}
		{64113937-072E-41FA-A688-4DF343A1C7AE} = {FE926CEF-DD90-40F5-B50F-11C36721F4C7}
		{0E121756-AC46-4362-9EF7-87E470D06DD7} = {B656C3C1-08A9-490B-A7D2-9F52C7B24E26}
		{73E1E408-0F51-4DF6-8473-45EFA152158E} = {9F52CF08-19A0-425D-B602-BB61EB14F475}
		{34F6F4BA-7BEF-4987-8B85-7FFE4F0132A3} = {E9B3CE6F-6F15-4D7E-884D-871E48696C7E}
		{D95118C1-4103-4502-B0A6-FB424F3CA55A} = {E9B3CE6F-6F15-4D7E-884D-871E48696C7E}
		{A1BEFA52-DF0B-438F-8C61-5468E081DC88} = {E9B3CE6F-6F15-4D7E-884D-871E48696C7E}
		{0B79010B-06D8-4AAD-BBE4-A3411AA150D2} = {E9B3CE6F-6F15-4D7E-884D-871E48696C7E}
		{619FD8B9-BA0F-4DA7-B813-79A45CF7C634} = {E9B3CE6F-6F15-4D7E-884D-871E48696C7E}
		{D1671A2F-4678-4512-9D26-C8CBF915E893} = {E9B3CE6F-6F15-4D7E-884D-871E48696C7E}
		{5B7C0D58-D34B-45DF-8EF3-095CA1A3F24B} = {E9B3CE6F-6F15-4D7E-884D-871E48696C7E}
		{806734A8-41E6-4B9E-9712-84151F0D809D} = {E9B3CE6F-6F15-4D7E-884D-871E48696C7E}
		{1C4E4074-6686-4BDF-BB0D-FDE629814F0C} = {89F2BD6C-5EC1-454E-B346-C52E8A903456}
		{B6D07ACC-B008-42A8-8B0F-4C838C218B15} = {1C4E4074-6686-4BDF-BB0D-FDE629814F0C}
		{0ADCA6B0-3795-4315-BAA2-C1B4A6EAA164} = {B6D07ACC-B008-42A8-8B0F-4C838C218B15}
		{15A09D00-A2B4-4780-9B5B-94B31605D2B7} = {0ADCA6B0-3795-4315-BAA2-C1B4A6EAA164}
		{1CD5D502-9E6D-4188-B1EF-91756825B1B0} = {1C4E4074-6686-4BDF-BB0D-FDE629814F0C}
		{8421AEDC-3C41-4946-9377-C3AEA312BBF6} = {1CD5D502-9E6D-4188-B1EF-91756825B1B0}
		{23112E21-6C10-4C0A-BD18-64C1C181838E} = {8421AEDC-3C41-4946-9377-C3AEA312BBF6}
		{53E6758F-1EF1-4108-A7AA-33CA97460BCA} = {8421AEDC-3C41-4946-9377-C3AEA312BBF6}
		{5CF3B8F7-A0C4-4CD6-958D-73E40B6F8292} = {1CD5D502-9E6D-4188-B1EF-91756825B1B0}
		{C8A630E0-2D33-4482-9F10-E4712BA397B1} = {5CF3B8F7-A0C4-4CD6-958D-73E40B6F8292}
		{C8A80B54-EB07-4292-8D66-D8CC865A1E97} = {5CF3B8F7-A0C4-4CD6-958D-73E40B6F8292}
		{6E3BB736-C6C8-4D84-B8F6-B72AEA8E5463} = {1CD5D502-9E6D-4188-B1EF-91756825B1B0}
		{9C7B1F24-D658-4F29-92C1-8C82CEDF624E} = {6E3BB736-C6C8-4D84-B8F6-B72AEA8E5463}
		{6F4B3A2C-D13A-498D-8CF9-971CAD5C61C1} = {6E3BB736-C6C8-4D84-B8F6-B72AEA8E5463}
		{A3149A4E-8905-4041-BC5A-D63B21F8E057} = {1CD5D502-9E6D-4188-B1EF-91756825B1B0}
		{8296B2B9-96EA-406E-ADAB-05AEA6D37BA4} = {A3149A4E-8905-4041-BC5A-D63B21F8E057}
		{FE36BB83-0566-4690-87D1-3EC4522C3C2B} = {A3149A4E-8905-4041-BC5A-D63B21F8E057}
		{48A4604F-1092-44E5-8CE7-E509B820A22C} = {1C4E4074-6686-4BDF-BB0D-FDE629814F0C}
		{4E8A0728-0A95-4908-928E-AD1979CAC790} = {48A4604F-1092-44E5-8CE7-E509B820A22C}
		{471F2EB5-61AF-4481-9983-62F0BEE5D53E} = {4E8A0728-0A95-4908-928E-AD1979CAC790}
		{463525A9-9989-4A20-BB7A-93054309AE02} = {4E8A0728-0A95-4908-928E-AD1979CAC790}
		{2250ADC1-2034-4991-84B3-499F9D912EDF} = {0ADCA6B0-3795-4315-BAA2-C1B4A6EAA164}
		{A4E80850-E720-4246-81E3-5FB73FB1D55B} = {89F2BD6C-5EC1-454E-B346-C52E8A903456}
		{A642EC3E-C837-4B68-B136-FF273606902B} = {89F2BD6C-5EC1-454E-B346-C52E8A903456}
		{A311B02D-4AE7-4AA2-9F60-BC8BB8F73F36} = {A642EC3E-C837-4B68-B136-FF273606902B}
		{674D1862-2B58-498F-A035-E54B90F335C5} = {A642EC3E-C837-4B68-B136-FF273606902B}
		{5B4054AE-2F1F-47A6-8F53-BECCD8462566} = {A642EC3E-C837-4B68-B136-FF273606902B}
		{29517B01-9148-4287-BC5B-1623DA2CB091} = {A642EC3E-C837-4B68-B136-FF273606902B}
		{FE926CEF-DD90-40F5-B50F-11C36721F4C7} = {A642EC3E-C837-4B68-B136-FF273606902B}
		{B656C3C1-08A9-490B-A7D2-9F52C7B24E26} = {A642EC3E-C837-4B68-B136-FF273606902B}
		{9F52CF08-19A0-425D-B602-BB61EB14F475} = {A642EC3E-C837-4B68-B136-FF273606902B}
		{C0476E7A-15CE-499B-A4E5-E83093AED66E} = {E9B3CE6F-6F15-4D7E-884D-871E48696C7E}
		{48E2649A-85F4-4482-BE62-E24A58288A79} = {E9B3CE6F-6F15-4D7E-884D-871E48696C7E}
		{E47D85CA-3597-4425-A6CF-39DB96E279FA} = {E9B3CE6F-6F15-4D7E-884D-871E48696C7E}
		{E94842D0-851C-41ED-9444-A5C2A3741D90} = {E9B3CE6F-6F15-4D7E-884D-871E48696C7E}
		{5D56E415-D6AE-4F0D-A0EF-7351DA41BCA1} = {E9B3CE6F-6F15-4D7E-884D-871E48696C7E}
	EndGlobalSection
EndGlobal
