
Microsoft Visual Studio Solution File, Format Version 12.00
# Visual Studio Version 17
VisualStudioVersion = 17.0.31903.59
MinimumVisualStudioVersion = 10.0.40219.1
Project("{FAE04EC0-301F-11D3-BF4B-00C04F79EFBC}") = "PiiMaker", "PiiMaker\PiiMaker.csproj", "{F18AE71B-6023-407A-B969-790F10BF689B}"
EndProject
Project("{FAE04EC0-301F-11D3-BF4B-00C04F79EFBC}") = "SoEx.Workflow", "..\src\SoEx.Workflow\SoEx.Workflow.csproj", "{D38C597C-666E-4F03-AA0E-BA9D8F0FCE4C}"
EndProject
Project("{FAE04EC0-301F-11D3-BF4B-00C04F79EFBC}") = "SoEx.Workflow.Elsa", "..\src\SoEx.Workflow.Elsa\SoEx.Workflow.Elsa.csproj", "{519016AC-8B9C-4C08-A6DE-CD0AD2099392}"
EndProject
Project("{FAE04EC0-301F-11D3-BF4B-00C04F79EFBC}") = "SoEx.Workflow.Temporal", "..\src\SoEx.Workflow.Temporal\SoEx.Workflow.Temporal.csproj", "{397B8740-16CF-49B3-914C-FB8B1AB5CFB0}"
EndProject
Project("{FAE04EC0-301F-11D3-BF4B-00C04F79EFBC}") = "SoEx.Workflow.DurableTask", "..\src\SoEx.Workflow.DurableTask\SoEx.Workflow.DurableTask.csproj", "{120E1A1E-8BED-469F-B15E-C062F969951E}"
EndProject
Project("{FAE04EC0-301F-11D3-BF4B-00C04F79EFBC}") = "SoEx.Workflow.Restate", "..\src\SoEx.Workflow.Restate\SoEx.Workflow.Restate.csproj", "{B65CE239-B46D-4789-8683-DF2BCFDD1E9F}"
EndProject
Project("{FAE04EC0-301F-11D3-BF4B-00C04F79EFBC}") = "PiiMaker.Manager.Membership.Interface", "PiiMaker\Component\Manager\Membership\Interface\PiiMaker.Manager.Membership.Interface.csproj", "{BE36E2A5-1C76-41DE-A3DE-38455DE4F474}"
EndProject
Project("{FAE04EC0-301F-11D3-BF4B-00C04F79EFBC}") = "SoEx.Workflow.Zeebe", "..\src\SoEx.Workflow.Zeebe\SoEx.Workflow.Zeebe.csproj", "{8B7D6A58-8D1F-41E2-B600-5CC261E8AE05}"
EndProject
Project("{FAE04EC0-301F-11D3-BF4B-00C04F79EFBC}") = "PiiMaker.Access.Billing.Interface", "PiiMaker\Component\Access\Billing\Interface\PiiMaker.Access.Billing.Interface.csproj", "{59147D61-9E37-4111-A08C-E896CF3D5CAD}"
EndProject
Project("{FAE04EC0-301F-11D3-BF4B-00C04F79EFBC}") = "PiiMaker.Access.Billing.Service", "PiiMaker\Component\Access\Billing\Service\PiiMaker.Access.Billing.Service.csproj", "{FB3C3695-1010-4760-80A9-26488400EF15}"
EndProject
Project("{FAE04EC0-301F-11D3-BF4B-00C04F79EFBC}") = "PiiMaker.Access.Identity.Interface", "PiiMaker\Component\Access\Identity\Interface\PiiMaker.Access.Identity.Interface.csproj", "{1B18FE94-5965-4CE6-B43A-A886D124E2DF}"
EndProject
Project("{FAE04EC0-301F-11D3-BF4B-00C04F79EFBC}") = "PiiMaker.Access.Identity.Service", "PiiMaker\Component\Access\Identity\Service\PiiMaker.Access.Identity.Service.csproj", "{1FDBED48-FAC8-4174-9D2B-9E23DAB3A207}"
EndProject
Project("{FAE04EC0-301F-11D3-BF4B-00C04F79EFBC}") = "PiiMaker.Access.Provisioning.Interface", "PiiMaker\Component\Access\Provisioning\Interface\PiiMaker.Access.Provisioning.Interface.csproj", "{2EE42542-CAD2-464E-B22E-2B8204793B1A}"
EndProject
Project("{FAE04EC0-301F-11D3-BF4B-00C04F79EFBC}") = "PiiMaker.Access.Provisioning.Service", "PiiMaker\Component\Access\Provisioning\Service\PiiMaker.Access.Provisioning.Service.csproj", "{EB770A3F-925A-4FBB-9433-8513D749CF24}"
EndProject
Project("{FAE04EC0-301F-11D3-BF4B-00C04F79EFBC}") = "PiiMaker.Access.Retention.Interface", "PiiMaker\Component\Access\Retention\Interface\PiiMaker.Access.Retention.Interface.csproj", "{92E29612-FEF8-4F97-88D8-3B140DCC3855}"
EndProject
Project("{FAE04EC0-301F-11D3-BF4B-00C04F79EFBC}") = "PiiMaker.Access.Retention.Service", "PiiMaker\Component\Access\Retention\Service\PiiMaker.Access.Retention.Service.csproj", "{18B9E03B-D979-41BE-A4DF-C0ABD4AF43F1}"
EndProject
Project("{FAE04EC0-301F-11D3-BF4B-00C04F79EFBC}") = "PiiMaker.Engine.Subscription.Interface", "PiiMaker\Component\Engine\Subscription\Interface\PiiMaker.Engine.Subscription.Interface.csproj", "{ED884BD1-5508-4A09-B401-FF2A23058002}"
EndProject
Project("{FAE04EC0-301F-11D3-BF4B-00C04F79EFBC}") = "PiiMaker.Engine.Subscription.Service", "PiiMaker\Component\Engine\Subscription\Service\PiiMaker.Engine.Subscription.Service.csproj", "{C70BE4FA-0432-42C9-8FB4-4CEFAB9855F7}"
EndProject
Project("{FAE04EC0-301F-11D3-BF4B-00C04F79EFBC}") = "PiiMaker.Manager.Membership.Service", "PiiMaker\Component\Manager\Membership\Service\PiiMaker.Manager.Membership.Service.csproj", "{884C803D-DB2F-463F-8A75-67B890C213B1}"
EndProject
Project("{FAE04EC0-301F-11D3-BF4B-00C04F79EFBC}") = "PiiMaker.iFx", "PiiMaker\iFx\PiiMaker.iFx.csproj", "{D69DF830-A0FD-4851-AD3B-17575EDC15F6}"
EndProject
Project("{FAE04EC0-301F-11D3-BF4B-00C04F79EFBC}") = "PiiMaker.Hosting", "PiiMaker\Hosts\Common\PiiMaker.Hosting.csproj", "{A645B48F-9C0A-4BAF-BAA0-CDCE38E95FCE}"
EndProject
Project("{FAE04EC0-301F-11D3-BF4B-00C04F79EFBC}") = "PiiMaker.Host.InProc", "PiiMaker\Hosts\InProc\PiiMaker.Host.InProc.csproj", "{DBA0AF56-3966-4F9E-BFE5-46F77614EB06}"
EndProject
Project("{FAE04EC0-301F-11D3-BF4B-00C04F79EFBC}") = "PiiMaker.Host.Elsa", "PiiMaker\Hosts\Elsa\PiiMaker.Host.Elsa.csproj", "{4DC9CABD-DF60-408D-BD1B-3F116F7D15BE}"
EndProject
Project("{FAE04EC0-301F-11D3-BF4B-00C04F79EFBC}") = "PiiMaker.Host.Temporal", "PiiMaker\Hosts\Temporal\PiiMaker.Host.Temporal.csproj", "{64FBF184-CB95-4ACB-9889-05B761B509A9}"
EndProject
Project("{FAE04EC0-301F-11D3-BF4B-00C04F79EFBC}") = "PiiMaker.Host.DurableTask", "PiiMaker\Hosts\DurableTask\PiiMaker.Host.DurableTask.csproj", "{64113937-072E-41FA-A688-4DF343A1C7AE}"
EndProject
Project("{FAE04EC0-301F-11D3-BF4B-00C04F79EFBC}") = "PiiMaker.Host.Restate", "PiiMaker\Hosts\Restate\PiiMaker.Host.Restate.csproj", "{0E121756-AC46-4362-9EF7-87E470D06DD7}"
EndProject
Project("{FAE04EC0-301F-11D3-BF4B-00C04F79EFBC}") = "PiiMaker.Host.Zeebe", "PiiMaker\Hosts\Zeebe\PiiMaker.Host.Zeebe.csproj", "{73E1E408-0F51-4DF6-8473-45EFA152158E}"
EndProject
Project("{FAE04EC0-301F-11D3-BF4B-00C04F79EFBC}") = "SoEx.Workflow.Keys.OpenBao", "..\src\SoEx.Workflow.Keys.OpenBao\SoEx.Workflow.Keys.OpenBao.csproj", "{34F6F4BA-7BEF-4987-8B85-7FFE4F0132A3}"
EndProject
Project("{FAE04EC0-301F-11D3-BF4B-00C04F79EFBC}") = "SoEx.Workflow.Keys.RavenDB", "..\src\SoEx.Workflow.Keys.RavenDB\SoEx.Workflow.Keys.RavenDB.csproj", "{D95118C1-4103-4502-B0A6-FB424F3CA55A}"
EndProject
Project("{FAE04EC0-301F-11D3-BF4B-00C04F79EFBC}") = "SoEx.Workflow.Idempotency.RavenDB", "..\src\SoEx.Workflow.Idempotency.RavenDB\SoEx.Workflow.Idempotency.RavenDB.csproj", "{A1BEFA52-DF0B-438F-8C61-5468E081DC88}"
EndProject
Project("{FAE04EC0-301F-11D3-BF4B-00C04F79EFBC}") = "SoEx.Workflow.SubjectIndex.RavenDB", "..\src\SoEx.Workflow.SubjectIndex.RavenDB\SoEx.Workflow.SubjectIndex.RavenDB.csproj", "{0B79010B-06D8-4AAD-BBE4-A3411AA150D2}"
EndProject
Project("{FAE04EC0-301F-11D3-BF4B-00C04F79EFBC}") = "SoEx.Workflow.SubjectIndex.EfCore", "..\src\SoEx.Workflow.SubjectIndex.EfCore\SoEx.Workflow.SubjectIndex.EfCore.csproj", "{619FD8B9-BA0F-4DA7-B813-79A45CF7C634}"
EndProject
Project("{FAE04EC0-301F-11D3-BF4B-00C04F79EFBC}") = "SoEx.Workflow.Maintenance.RavenDB", "..\src\SoEx.Workflow.Maintenance.RavenDB\SoEx.Workflow.Maintenance.RavenDB.csproj", "{D1671A2F-4678-4512-9D26-C8CBF915E893}"
EndProject
Project("{FAE04EC0-301F-11D3-BF4B-00C04F79EFBC}") = "SoEx.Workflow.Maintenance.EfCore", "..\src\SoEx.Workflow.Maintenance.EfCore\SoEx.Workflow.Maintenance.EfCore.csproj", "{5B7C0D58-D34B-45DF-8EF3-095CA1A3F24B}"
EndProject
Global
	GlobalSection(SolutionConfigurationPlatforms) = preSolution
		Debug|Any CPU = Debug|Any CPU
		Debug|x64 = Debug|x64
		Debug|x86 = Debug|x86
		Release|Any CPU = Release|Any CPU
		Release|x64 = Release|x64
		Release|x86 = Release|x86
	EndGlobalSection
	GlobalSection(ProjectConfigurationPlatforms) = postSolution
		{F18AE71B-6023-407A-B969-790F10BF689B}.Debug|Any CPU.ActiveCfg = Debug|Any CPU
		{F18AE71B-6023-407A-B969-790F10BF689B}.Debug|Any CPU.Build.0 = Debug|Any CPU
		{F18AE71B-6023-407A-B969-790F10BF689B}.Debug|x64.ActiveCfg = Debug|Any CPU
		{F18AE71B-6023-407A-B969-790F10BF689B}.Debug|x64.Build.0 = Debug|Any CPU
		{F18AE71B-6023-407A-B969-790F10BF689B}.Debug|x86.ActiveCfg = Debug|Any CPU
		{F18AE71B-6023-407A-B969-790F10BF689B}.Debug|x86.Build.0 = Debug|Any CPU
		{F18AE71B-6023-407A-B969-790F10BF689B}.Release|Any CPU.ActiveCfg = Release|Any CPU
		{F18AE71B-6023-407A-B969-790F10BF689B}.Release|Any CPU.Build.0 = Release|Any CPU
		{F18AE71B-6023-407A-B969-790F10BF689B}.Release|x64.ActiveCfg = Release|Any CPU
		{F18AE71B-6023-407A-B969-790F10BF689B}.Release|x64.Build.0 = Release|Any CPU
		{F18AE71B-6023-407A-B969-790F10BF689B}.Release|x86.ActiveCfg = Release|Any CPU
		{F18AE71B-6023-407A-B969-790F10BF689B}.Release|x86.Build.0 = Release|Any CPU
		{D38C597C-666E-4F03-AA0E-BA9D8F0FCE4C}.Debug|Any CPU.ActiveCfg = Debug|Any CPU
		{D38C597C-666E-4F03-AA0E-BA9D8F0FCE4C}.Debug|Any CPU.Build.0 = Debug|Any CPU
		{D38C597C-666E-4F03-AA0E-BA9D8F0FCE4C}.Debug|x64.ActiveCfg = Debug|Any CPU
		{D38C597C-666E-4F03-AA0E-BA9D8F0FCE4C}.Debug|x64.Build.0 = Debug|Any CPU
		{D38C597C-666E-4F03-AA0E-BA9D8F0FCE4C}.Debug|x86.ActiveCfg = Debug|Any CPU
		{D38C597C-666E-4F03-AA0E-BA9D8F0FCE4C}.Debug|x86.Build.0 = Debug|Any CPU
		{D38C597C-666E-4F03-AA0E-BA9D8F0FCE4C}.Release|Any CPU.ActiveCfg = Release|Any CPU
		{D38C597C-666E-4F03-AA0E-BA9D8F0FCE4C}.Release|Any CPU.Build.0 = Release|Any CPU
		{D38C597C-666E-4F03-AA0E-BA9D8F0FCE4C}.Release|x64.ActiveCfg = Release|Any CPU
		{D38C597C-666E-4F03-AA0E-BA9D8F0FCE4C}.Release|x64.Build.0 = Release|Any CPU
		{D38C597C-666E-4F03-AA0E-BA9D8F0FCE4C}.Release|x86.ActiveCfg = Release|Any CPU
		{D38C597C-666E-4F03-AA0E-BA9D8F0FCE4C}.Release|x86.Build.0 = Release|Any CPU
		{519016AC-8B9C-4C08-A6DE-CD0AD2099392}.Debug|Any CPU.ActiveCfg = Debug|Any CPU
		{519016AC-8B9C-4C08-A6DE-CD0AD2099392}.Debug|Any CPU.Build.0 = Debug|Any CPU
		{519016AC-8B9C-4C08-A6DE-CD0AD2099392}.Debug|x64.ActiveCfg = Debug|Any CPU
		{519016AC-8B9C-4C08-A6DE-CD0AD2099392}.Debug|x64.Build.0 = Debug|Any CPU
		{519016AC-8B9C-4C08-A6DE-CD0AD2099392}.Debug|x86.ActiveCfg = Debug|Any CPU
		{519016AC-8B9C-4C08-A6DE-CD0AD2099392}.Debug|x86.Build.0 = Debug|Any CPU
		{519016AC-8B9C-4C08-A6DE-CD0AD2099392}.Release|Any CPU.ActiveCfg = Release|Any CPU
		{519016AC-8B9C-4C08-A6DE-CD0AD2099392}.Release|Any CPU.Build.0 = Release|Any CPU
		{519016AC-8B9C-4C08-A6DE-CD0AD2099392}.Release|x64.ActiveCfg = Release|Any CPU
		{519016AC-8B9C-4C08-A6DE-CD0AD2099392}.Release|x64.Build.0 = Release|Any CPU
		{519016AC-8B9C-4C08-A6DE-CD0AD2099392}.Release|x86.ActiveCfg = Release|Any CPU
		{519016AC-8B9C-4C08-A6DE-CD0AD2099392}.Release|x86.Build.0 = Release|Any CPU
		{397B8740-16CF-49B3-914C-FB8B1AB5CFB0}.Debug|Any CPU.ActiveCfg = Debug|Any CPU
		{397B8740-16CF-49B3-914C-FB8B1AB5CFB0}.Debug|Any CPU.Build.0 = Debug|Any CPU
		{397B8740-16CF-49B3-914C-FB8B1AB5CFB0}.Debug|x64.ActiveCfg = Debug|Any CPU
		{397B8740-16CF-49B3-914C-FB8B1AB5CFB0}.Debug|x64.Build.0 = Debug|Any CPU
		{397B8740-16CF-49B3-914C-FB8B1AB5CFB0}.Debug|x86.ActiveCfg = Debug|Any CPU
		{397B8740-16CF-49B3-914C-FB8B1AB5CFB0}.Debug|x86.Build.0 = Debug|Any CPU
		{397B8740-16CF-49B3-914C-FB8B1AB5CFB0}.Release|Any CPU.ActiveCfg = Release|Any CPU
		{397B8740-16CF-49B3-914C-FB8B1AB5CFB0}.Release|Any CPU.Build.0 = Release|Any CPU
		{397B8740-16CF-49B3-914C-FB8B1AB5CFB0}.Release|x64.ActiveCfg = Release|Any CPU
		{397B8740-16CF-49B3-914C-FB8B1AB5CFB0}.Release|x64.Build.0 = Release|Any CPU
		{397B8740-16CF-49B3-914C-FB8B1AB5CFB0}.Release|x86.ActiveCfg = Release|Any CPU
		{397B8740-16CF-49B3-914C-FB8B1AB5CFB0}.Release|x86.Build.0 = Release|Any CPU
		{120E1A1E-8BED-469F-B15E-C062F969951E}.Debug|Any CPU.ActiveCfg = Debug|Any CPU
		{120E1A1E-8BED-469F-B15E-C062F969951E}.Debug|Any CPU.Build.0 = Debug|Any CPU
		{120E1A1E-8BED-469F-B15E-C062F969951E}.Debug|x64.ActiveCfg = Debug|Any CPU
		{120E1A1E-8BED-469F-B15E-C062F969951E}.Debug|x64.Build.0 = Debug|Any CPU
		{120E1A1E-8BED-469F-B15E-C062F969951E}.Debug|x86.ActiveCfg = Debug|Any CPU
		{120E1A1E-8BED-469F-B15E-C062F969951E}.Debug|x86.Build.0 = Debug|Any CPU
		{120E1A1E-8BED-469F-B15E-C062F969951E}.Release|Any CPU.ActiveCfg = Release|Any CPU
		{120E1A1E-8BED-469F-B15E-C062F969951E}.Release|Any CPU.Build.0 = Release|Any CPU
		{120E1A1E-8BED-469F-B15E-C062F969951E}.Release|x64.ActiveCfg = Release|Any CPU
		{120E1A1E-8BED-469F-B15E-C062F969951E}.Release|x64.Build.0 = Release|Any CPU
		{120E1A1E-8BED-469F-B15E-C062F969951E}.Release|x86.ActiveCfg = Release|Any CPU
		{120E1A1E-8BED-469F-B15E-C062F969951E}.Release|x86.Build.0 = Release|Any CPU
		{B65CE239-B46D-4789-8683-DF2BCFDD1E9F}.Debug|Any CPU.ActiveCfg = Debug|Any CPU
		{B65CE239-B46D-4789-8683-DF2BCFDD1E9F}.Debug|Any CPU.Build.0 = Debug|Any CPU
		{B65CE239-B46D-4789-8683-DF2BCFDD1E9F}.Debug|x64.ActiveCfg = Debug|Any CPU
		{B65CE239-B46D-4789-8683-DF2BCFDD1E9F}.Debug|x64.Build.0 = Debug|Any CPU
		{B65CE239-B46D-4789-8683-DF2BCFDD1E9F}.Debug|x86.ActiveCfg = Debug|Any CPU
		{B65CE239-B46D-4789-8683-DF2BCFDD1E9F}.Debug|x86.Build.0 = Debug|Any CPU
		{B65CE239-B46D-4789-8683-DF2BCFDD1E9F}.Release|Any CPU.ActiveCfg = Release|Any CPU
		{B65CE239-B46D-4789-8683-DF2BCFDD1E9F}.Release|Any CPU.Build.0 = Release|Any CPU
		{B65CE239-B46D-4789-8683-DF2BCFDD1E9F}.Release|x64.ActiveCfg = Release|Any CPU
		{B65CE239-B46D-4789-8683-DF2BCFDD1E9F}.Release|x64.Build.0 = Release|Any CPU
		{B65CE239-B46D-4789-8683-DF2BCFDD1E9F}.Release|x86.ActiveCfg = Release|Any CPU
		{B65CE239-B46D-4789-8683-DF2BCFDD1E9F}.Release|x86.Build.0 = Release|Any CPU
		{BE36E2A5-1C76-41DE-A3DE-38455DE4F474}.Debug|Any CPU.ActiveCfg = Debug|Any CPU
		{BE36E2A5-1C76-41DE-A3DE-38455DE4F474}.Debug|Any CPU.Build.0 = Debug|Any CPU
		{BE36E2A5-1C76-41DE-A3DE-38455DE4F474}.Debug|x64.ActiveCfg = Debug|Any CPU
		{BE36E2A5-1C76-41DE-A3DE-38455DE4F474}.Debug|x64.Build.0 = Debug|Any CPU
		{BE36E2A5-1C76-41DE-A3DE-38455DE4F474}.Debug|x86.ActiveCfg = Debug|Any CPU
		{BE36E2A5-1C76-41DE-A3DE-38455DE4F474}.Debug|x86.Build.0 = Debug|Any CPU
		{BE36E2A5-1C76-41DE-A3DE-38455DE4F474}.Release|Any CPU.ActiveCfg = Release|Any CPU
		{BE36E2A5-1C76-41DE-A3DE-38455DE4F474}.Release|Any CPU.Build.0 = Release|Any CPU
		{BE36E2A5-1C76-41DE-A3DE-38455DE4F474}.Release|x64.ActiveCfg = Release|Any CPU
		{BE36E2A5-1C76-41DE-A3DE-38455DE4F474}.Release|x64.Build.0 = Release|Any CPU
		{BE36E2A5-1C76-41DE-A3DE-38455DE4F474}.Release|x86.ActiveCfg = Release|Any CPU
		{BE36E2A5-1C76-41DE-A3DE-38455DE4F474}.Release|x86.Build.0 = Release|Any CPU
		{8B7D6A58-8D1F-41E2-B600-5CC261E8AE05}.Debug|Any CPU.ActiveCfg = Debug|Any CPU
		{8B7D6A58-8D1F-41E2-B600-5CC261E8AE05}.Debug|Any CPU.Build.0 = Debug|Any CPU
		{8B7D6A58-8D1F-41E2-B600-5CC261E8AE05}.Debug|x64.ActiveCfg = Debug|Any CPU
		{8B7D6A58-8D1F-41E2-B600-5CC261E8AE05}.Debug|x64.Build.0 = Debug|Any CPU
		{8B7D6A58-8D1F-41E2-B600-5CC261E8AE05}.Debug|x86.ActiveCfg = Debug|Any CPU
		{8B7D6A58-8D1F-41E2-B600-5CC261E8AE05}.Debug|x86.Build.0 = Debug|Any CPU
		{8B7D6A58-8D1F-41E2-B600-5CC261E8AE05}.Release|Any CPU.ActiveCfg = Release|Any CPU
		{8B7D6A58-8D1F-41E2-B600-5CC261E8AE05}.Release|Any CPU.Build.0 = Release|Any CPU
		{8B7D6A58-8D1F-41E2-B600-5CC261E8AE05}.Release|x64.ActiveCfg = Release|Any CPU
		{8B7D6A58-8D1F-41E2-B600-5CC261E8AE05}.Release|x64.Build.0 = Release|Any CPU
		{8B7D6A58-8D1F-41E2-B600-5CC261E8AE05}.Release|x86.ActiveCfg = Release|Any CPU
		{8B7D6A58-8D1F-41E2-B600-5CC261E8AE05}.Release|x86.Build.0 = Release|Any CPU
		{59147D61-9E37-4111-A08C-E896CF3D5CAD}.Debug|Any CPU.ActiveCfg = Debug|Any CPU
		{59147D61-9E37-4111-A08C-E896CF3D5CAD}.Debug|Any CPU.Build.0 = Debug|Any CPU
		{59147D61-9E37-4111-A08C-E896CF3D5CAD}.Debug|x64.ActiveCfg = Debug|Any CPU
		{59147D61-9E37-4111-A08C-E896CF3D5CAD}.Debug|x64.Build.0 = Debug|Any CPU
		{59147D61-9E37-4111-A08C-E896CF3D5CAD}.Debug|x86.ActiveCfg = Debug|Any CPU
		{59147D61-9E37-4111-A08C-E896CF3D5CAD}.Debug|x86.Build.0 = Debug|Any CPU
		{59147D61-9E37-4111-A08C-E896CF3D5CAD}.Release|Any CPU.ActiveCfg = Release|Any CPU
		{59147D61-9E37-4111-A08C-E896CF3D5CAD}.Release|Any CPU.Build.0 = Release|Any CPU
		{59147D61-9E37-4111-A08C-E896CF3D5CAD}.Release|x64.ActiveCfg = Release|Any CPU
		{59147D61-9E37-4111-A08C-E896CF3D5CAD}.Release|x64.Build.0 = Release|Any CPU
		{59147D61-9E37-4111-A08C-E896CF3D5CAD}.Release|x86.ActiveCfg = Release|Any CPU
		{59147D61-9E37-4111-A08C-E896CF3D5CAD}.Release|x86.Build.0 = Release|Any CPU
		{FB3C3695-1010-4760-80A9-26488400EF15}.Debug|Any CPU.ActiveCfg = Debug|Any CPU
		{FB3C3695-1010-4760-80A9-26488400EF15}.Debug|Any CPU.Build.0 = Debug|Any CPU
		{FB3C3695-1010-4760-80A9-26488400EF15}.Debug|x64.ActiveCfg = Debug|Any CPU
		{FB3C3695-1010-4760-80A9-26488400EF15}.Debug|x64.Build.0 = Debug|Any CPU
		{FB3C3695-1010-4760-80A9-26488400EF15}.Debug|x86.ActiveCfg = Debug|Any CPU
		{FB3C3695-1010-4760-80A9-26488400EF15}.Debug|x86.Build.0 = Debug|Any CPU
		{FB3C3695-1010-4760-80A9-26488400EF15}.Release|Any CPU.ActiveCfg = Release|Any CPU
		{FB3C3695-1010-4760-80A9-26488400EF15}.Release|Any CPU.Build.0 = Release|Any CPU
		{FB3C3695-1010-4760-80A9-26488400EF15}.Release|x64.ActiveCfg = Release|Any CPU
		{FB3C3695-1010-4760-80A9-26488400EF15}.Release|x64.Build.0 = Release|Any CPU
		{FB3C3695-1010-4760-80A9-26488400EF15}.Release|x86.ActiveCfg = Release|Any CPU
		{FB3C3695-1010-4760-80A9-26488400EF15}.Release|x86.Build.0 = Release|Any CPU
		{1B18FE94-5965-4CE6-B43A-A886D124E2DF}.Debug|Any CPU.ActiveCfg = Debug|Any CPU
		{1B18FE94-5965-4CE6-B43A-A886D124E2DF}.Debug|Any CPU.Build.0 = Debug|Any CPU
		{1B18FE94-5965-4CE6-B43A-A886D124E2DF}.Debug|x64.ActiveCfg = Debug|Any CPU
		{1B18FE94-5965-4CE6-B43A-A886D124E2DF}.Debug|x64.Build.0 = Debug|Any CPU
		{1B18FE94-5965-4CE6-B43A-A886D124E2DF}.Debug|x86.ActiveCfg = Debug|Any CPU
		{1B18FE94-5965-4CE6-B43A-A886D124E2DF}.Debug|x86.Build.0 = Debug|Any CPU
		{1B18FE94-5965-4CE6-B43A-A886D124E2DF}.Release|Any CPU.ActiveCfg = Release|Any CPU
		{1B18FE94-5965-4CE6-B43A-A886D124E2DF}.Release|Any CPU.Build.0 = Release|Any CPU
		{1B18FE94-5965-4CE6-B43A-A886D124E2DF}.Release|x64.ActiveCfg = Release|Any CPU
		{1B18FE94-5965-4CE6-B43A-A886D124E2DF}.Release|x64.Build.0 = Release|Any CPU
		{1B18FE94-5965-4CE6-B43A-A886D124E2DF}.Release|x86.ActiveCfg = Release|Any CPU
		{1B18FE94-5965-4CE6-B43A-A886D124E2DF}.Release|x86.Build.0 = Release|Any CPU
		{1FDBED48-FAC8-4174-9D2B-9E23DAB3A207}.Debug|Any CPU.ActiveCfg = Debug|Any CPU
		{1FDBED48-FAC8-4174-9D2B-9E23DAB3A207}.Debug|Any CPU.Build.0 = Debug|Any CPU
		{1FDBED48-FAC8-4174-9D2B-9E23DAB3A207}.Debug|x64.ActiveCfg = Debug|Any CPU
		{1FDBED48-FAC8-4174-9D2B-9E23DAB3A207}.Debug|x64.Build.0 = Debug|Any CPU
		{1FDBED48-FAC8-4174-9D2B-9E23DAB3A207}.Debug|x86.ActiveCfg = Debug|Any CPU
		{1FDBED48-FAC8-4174-9D2B-9E23DAB3A207}.Debug|x86.Build.0 = Debug|Any CPU
		{1FDBED48-FAC8-4174-9D2B-9E23DAB3A207}.Release|Any CPU.ActiveCfg = Release|Any CPU
		{1FDBED48-FAC8-4174-9D2B-9E23DAB3A207}.Release|Any CPU.Build.0 = Release|Any CPU
		{1FDBED48-FAC8-4174-9D2B-9E23DAB3A207}.Release|x64.ActiveCfg = Release|Any CPU
		{1FDBED48-FAC8-4174-9D2B-9E23DAB3A207}.Release|x64.Build.0 = Release|Any CPU
		{1FDBED48-FAC8-4174-9D2B-9E23DAB3A207}.Release|x86.ActiveCfg = Release|Any CPU
		{1FDBED48-FAC8-4174-9D2B-9E23DAB3A207}.Release|x86.Build.0 = Release|Any CPU
		{2EE42542-CAD2-464E-B22E-2B8204793B1A}.Debug|Any CPU.ActiveCfg = Debug|Any CPU
		{2EE42542-CAD2-464E-B22E-2B8204793B1A}.Debug|Any CPU.Build.0 = Debug|Any CPU
		{2EE42542-CAD2-464E-B22E-2B8204793B1A}.Debug|x64.ActiveCfg = Debug|Any CPU
		{2EE42542-CAD2-464E-B22E-2B8204793B1A}.Debug|x64.Build.0 = Debug|Any CPU
		{2EE42542-CAD2-464E-B22E-2B8204793B1A}.Debug|x86.ActiveCfg = Debug|Any CPU
		{2EE42542-CAD2-464E-B22E-2B8204793B1A}.Debug|x86.Build.0 = Debug|Any CPU
		{2EE42542-CAD2-464E-B22E-2B8204793B1A}.Release|Any CPU.ActiveCfg = Release|Any CPU
		{2EE42542-CAD2-464E-B22E-2B8204793B1A}.Release|Any CPU.Build.0 = Release|Any CPU
		{2EE42542-CAD2-464E-B22E-2B8204793B1A}.Release|x64.ActiveCfg = Release|Any CPU
		{2EE42542-CAD2-464E-B22E-2B8204793B1A}.Release|x64.Build.0 = Release|Any CPU
		{2EE42542-CAD2-464E-B22E-2B8204793B1A}.Release|x86.ActiveCfg = Release|Any CPU
		{2EE42542-CAD2-464E-B22E-2B8204793B1A}.Release|x86.Build.0 = Release|Any CPU
		{EB770A3F-925A-4FBB-9433-8513D749CF24}.Debug|Any CPU.ActiveCfg = Debug|Any CPU
		{EB770A3F-925A-4FBB-9433-8513D749CF24}.Debug|Any CPU.Build.0 = Debug|Any CPU
		{EB770A3F-925A-4FBB-9433-8513D749CF24}.Debug|x64.ActiveCfg = Debug|Any CPU
		{EB770A3F-925A-4FBB-9433-8513D749CF24}.Debug|x64.Build.0 = Debug|Any CPU
		{EB770A3F-925A-4FBB-9433-8513D749CF24}.Debug|x86.ActiveCfg = Debug|Any CPU
		{EB770A3F-925A-4FBB-9433-8513D749CF24}.Debug|x86.Build.0 = Debug|Any CPU
		{EB770A3F-925A-4FBB-9433-8513D749CF24}.Release|Any CPU.ActiveCfg = Release|Any CPU
		{EB770A3F-925A-4FBB-9433-8513D749CF24}.Release|Any CPU.Build.0 = Release|Any CPU
		{EB770A3F-925A-4FBB-9433-8513D749CF24}.Release|x64.ActiveCfg = Release|Any CPU
		{EB770A3F-925A-4FBB-9433-8513D749CF24}.Release|x64.Build.0 = Release|Any CPU
		{EB770A3F-925A-4FBB-9433-8513D749CF24}.Release|x86.ActiveCfg = Release|Any CPU
		{EB770A3F-925A-4FBB-9433-8513D749CF24}.Release|x86.Build.0 = Release|Any CPU
		{92E29612-FEF8-4F97-88D8-3B140DCC3855}.Debug|Any CPU.ActiveCfg = Debug|Any CPU
		{92E29612-FEF8-4F97-88D8-3B140DCC3855}.Debug|Any CPU.Build.0 = Debug|Any CPU
		{92E29612-FEF8-4F97-88D8-3B140DCC3855}.Debug|x64.ActiveCfg = Debug|Any CPU
		{92E29612-FEF8-4F97-88D8-3B140DCC3855}.Debug|x64.Build.0 = Debug|Any CPU
		{92E29612-FEF8-4F97-88D8-3B140DCC3855}.Debug|x86.ActiveCfg = Debug|Any CPU
		{92E29612-FEF8-4F97-88D8-3B140DCC3855}.Debug|x86.Build.0 = Debug|Any CPU
		{92E29612-FEF8-4F97-88D8-3B140DCC3855}.Release|Any CPU.ActiveCfg = Release|Any CPU
		{92E29612-FEF8-4F97-88D8-3B140DCC3855}.Release|Any CPU.Build.0 = Release|Any CPU
		{92E29612-FEF8-4F97-88D8-3B140DCC3855}.Release|x64.ActiveCfg = Release|Any CPU
		{92E29612-FEF8-4F97-88D8-3B140DCC3855}.Release|x64.Build.0 = Release|Any CPU
		{92E29612-FEF8-4F97-88D8-3B140DCC3855}.Release|x86.ActiveCfg = Release|Any CPU
		{92E29612-FEF8-4F97-88D8-3B140DCC3855}.Release|x86.Build.0 = Release|Any CPU
		{18B9E03B-D979-41BE-A4DF-C0ABD4AF43F1}.Debug|Any CPU.ActiveCfg = Debug|Any CPU
		{18B9E03B-D979-41BE-A4DF-C0ABD4AF43F1}.Debug|Any CPU.Build.0 = Debug|Any CPU
		{18B9E03B-D979-41BE-A4DF-C0ABD4AF43F1}.Debug|x64.ActiveCfg = Debug|Any CPU
		{18B9E03B-D979-41BE-A4DF-C0ABD4AF43F1}.Debug|x64.Build.0 = Debug|Any CPU
		{18B9E03B-D979-41BE-A4DF-C0ABD4AF43F1}.Debug|x86.ActiveCfg = Debug|Any CPU
		{18B9E03B-D979-41BE-A4DF-C0ABD4AF43F1}.Debug|x86.Build.0 = Debug|Any CPU
		{18B9E03B-D979-41BE-A4DF-C0ABD4AF43F1}.Release|Any CPU.ActiveCfg = Release|Any CPU
		{18B9E03B-D979-41BE-A4DF-C0ABD4AF43F1}.Release|Any CPU.Build.0 = Release|Any CPU
		{18B9E03B-D979-41BE-A4DF-C0ABD4AF43F1}.Release|x64.ActiveCfg = Release|Any CPU
		{18B9E03B-D979-41BE-A4DF-C0ABD4AF43F1}.Release|x64.Build.0 = Release|Any CPU
		{18B9E03B-D979-41BE-A4DF-C0ABD4AF43F1}.Release|x86.ActiveCfg = Release|Any CPU
		{18B9E03B-D979-41BE-A4DF-C0ABD4AF43F1}.Release|x86.Build.0 = Release|Any CPU
		{ED884BD1-5508-4A09-B401-FF2A23058002}.Debug|Any CPU.ActiveCfg = Debug|Any CPU
		{ED884BD1-5508-4A09-B401-FF2A23058002}.Debug|Any CPU.Build.0 = Debug|Any CPU
		{ED884BD1-5508-4A09-B401-FF2A23058002}.Debug|x64.ActiveCfg = Debug|Any CPU
		{ED884BD1-5508-4A09-B401-FF2A23058002}.Debug|x64.Build.0 = Debug|Any CPU
		{ED884BD1-5508-4A09-B401-FF2A23058002}.Debug|x86.ActiveCfg = Debug|Any CPU
		{ED884BD1-5508-4A09-B401-FF2A23058002}.Debug|x86.Build.0 = Debug|Any CPU
		{ED884BD1-5508-4A09-B401-FF2A23058002}.Release|Any CPU.ActiveCfg = Release|Any CPU
		{ED884BD1-5508-4A09-B401-FF2A23058002}.Release|Any CPU.Build.0 = Release|Any CPU
		{ED884BD1-5508-4A09-B401-FF2A23058002}.Release|x64.ActiveCfg = Release|Any CPU
		{ED884BD1-5508-4A09-B401-FF2A23058002}.Release|x64.Build.0 = Release|Any CPU
		{ED884BD1-5508-4A09-B401-FF2A23058002}.Release|x86.ActiveCfg = Release|Any CPU
		{ED884BD1-5508-4A09-B401-FF2A23058002}.Release|x86.Build.0 = Release|Any CPU
		{C70BE4FA-0432-42C9-8FB4-4CEFAB9855F7}.Debug|Any CPU.ActiveCfg = Debug|Any CPU
		{C70BE4FA-0432-42C9-8FB4-4CEFAB9855F7}.Debug|Any CPU.Build.0 = Debug|Any CPU
		{C70BE4FA-0432-42C9-8FB4-4CEFAB9855F7}.Debug|x64.ActiveCfg = Debug|Any CPU
		{C70BE4FA-0432-42C9-8FB4-4CEFAB9855F7}.Debug|x64.Build.0 = Debug|Any CPU
		{C70BE4FA-0432-42C9-8FB4-4CEFAB9855F7}.Debug|x86.ActiveCfg = Debug|Any CPU
		{C70BE4FA-0432-42C9-8FB4-4CEFAB9855F7}.Debug|x86.Build.0 = Debug|Any CPU
		{C70BE4FA-0432-42C9-8FB4-4CEFAB9855F7}.Release|Any CPU.ActiveCfg = Release|Any CPU
		{C70BE4FA-0432-42C9-8FB4-4CEFAB9855F7}.Release|Any CPU.Build.0 = Release|Any CPU
		{C70BE4FA-0432-42C9-8FB4-4CEFAB9855F7}.Release|x64.ActiveCfg = Release|Any CPU
		{C70BE4FA-0432-42C9-8FB4-4CEFAB9855F7}.Release|x64.Build.0 = Release|Any CPU
		{C70BE4FA-0432-42C9-8FB4-4CEFAB9855F7}.Release|x86.ActiveCfg = Release|Any CPU
		{C70BE4FA-0432-42C9-8FB4-4CEFAB9855F7}.Release|x86.Build.0 = Release|Any CPU
		{884C803D-DB2F-463F-8A75-67B890C213B1}.Debug|Any CPU.ActiveCfg = Debug|Any CPU
		{884C803D-DB2F-463F-8A75-67B890C213B1}.Debug|Any CPU.Build.0 = Debug|Any CPU
		{884C803D-DB2F-463F-8A75-67B890C213B1}.Debug|x64.ActiveCfg = Debug|Any CPU
		{884C803D-DB2F-463F-8A75-67B890C213B1}.Debug|x64.Build.0 = Debug|Any CPU
		{884C803D-DB2F-463F-8A75-67B890C213B1}.Debug|x86.ActiveCfg = Debug|Any CPU
		{884C803D-DB2F-463F-8A75-67B890C213B1}.Debug|x86.Build.0 = Debug|Any CPU
		{884C803D-DB2F-463F-8A75-67B890C213B1}.Release|Any CPU.ActiveCfg = Release|Any CPU
		{884C803D-DB2F-463F-8A75-67B890C213B1}.Release|Any CPU.Build.0 = Release|Any CPU
		{884C803D-DB2F-463F-8A75-67B890C213B1}.Release|x64.ActiveCfg = Release|Any CPU
		{884C803D-DB2F-463F-8A75-67B890C213B1}.Release|x64.Build.0 = Release|Any CPU
		{884C803D-DB2F-463F-8A75-67B890C213B1}.Release|x86.ActiveCfg = Release|Any CPU
		{884C803D-DB2F-463F-8A75-67B890C213B1}.Release|x86.Build.0 = Release|Any CPU
		{D69DF830-A0FD-4851-AD3B-17575EDC15F6}.Debug|Any CPU.ActiveCfg = Debug|Any CPU
		{D69DF830-A0FD-4851-AD3B-17575EDC15F6}.Debug|Any CPU.Build.0 = Debug|Any CPU
		{D69DF830-A0FD-4851-AD3B-17575EDC15F6}.Debug|x64.ActiveCfg = Debug|Any CPU
		{D69DF830-A0FD-4851-AD3B-17575EDC15F6}.Debug|x64.Build.0 = Debug|Any CPU
		{D69DF830-A0FD-4851-AD3B-17575EDC15F6}.Debug|x86.ActiveCfg = Debug|Any CPU
		{D69DF830-A0FD-4851-AD3B-17575EDC15F6}.Debug|x86.Build.0 = Debug|Any CPU
		{D69DF830-A0FD-4851-AD3B-17575EDC15F6}.Release|Any CPU.ActiveCfg = Release|Any CPU
		{D69DF830-A0FD-4851-AD3B-17575EDC15F6}.Release|Any CPU.Build.0 = Release|Any CPU
		{D69DF830-A0FD-4851-AD3B-17575EDC15F6}.Release|x64.ActiveCfg = Release|Any CPU
		{D69DF830-A0FD-4851-AD3B-17575EDC15F6}.Release|x64.Build.0 = Release|Any CPU
		{D69DF830-A0FD-4851-AD3B-17575EDC15F6}.Release|x86.ActiveCfg = Release|Any CPU
		{D69DF830-A0FD-4851-AD3B-17575EDC15F6}.Release|x86.Build.0 = Release|Any CPU
		{A645B48F-9C0A-4BAF-BAA0-CDCE38E95FCE}.Debug|Any CPU.ActiveCfg = Debug|Any CPU
		{A645B48F-9C0A-4BAF-BAA0-CDCE38E95FCE}.Debug|Any CPU.Build.0 = Debug|Any CPU
		{A645B48F-9C0A-4BAF-BAA0-CDCE38E95FCE}.Debug|x64.ActiveCfg = Debug|Any CPU
		{A645B48F-9C0A-4BAF-BAA0-CDCE38E95FCE}.Debug|x64.Build.0 = Debug|Any CPU
		{A645B48F-9C0A-4BAF-BAA0-CDCE38E95FCE}.Debug|x86.ActiveCfg = Debug|Any CPU
		{A645B48F-9C0A-4BAF-BAA0-CDCE38E95FCE}.Debug|x86.Build.0 = Debug|Any CPU
		{A645B48F-9C0A-4BAF-BAA0-CDCE38E95FCE}.Release|Any CPU.ActiveCfg = Release|Any CPU
		{A645B48F-9C0A-4BAF-BAA0-CDCE38E95FCE}.Release|Any CPU.Build.0 = Release|Any CPU
		{A645B48F-9C0A-4BAF-BAA0-CDCE38E95FCE}.Release|x64.ActiveCfg = Release|Any CPU
		{A645B48F-9C0A-4BAF-BAA0-CDCE38E95FCE}.Release|x64.Build.0 = Release|Any CPU
		{A645B48F-9C0A-4BAF-BAA0-CDCE38E95FCE}.Release|x86.ActiveCfg = Release|Any CPU
		{A645B48F-9C0A-4BAF-BAA0-CDCE38E95FCE}.Release|x86.Build.0 = Release|Any CPU
		{DBA0AF56-3966-4F9E-BFE5-46F77614EB06}.Debug|Any CPU.ActiveCfg = Debug|Any CPU
		{DBA0AF56-3966-4F9E-BFE5-46F77614EB06}.Debug|Any CPU.Build.0 = Debug|Any CPU
		{DBA0AF56-3966-4F9E-BFE5-46F77614EB06}.Debug|x64.ActiveCfg = Debug|Any CPU
		{DBA0AF56-3966-4F9E-BFE5-46F77614EB06}.Debug|x64.Build.0 = Debug|Any CPU
		{DBA0AF56-3966-4F9E-BFE5-46F77614EB06}.Debug|x86.ActiveCfg = Debug|Any CPU
		{DBA0AF56-3966-4F9E-BFE5-46F77614EB06}.Debug|x86.Build.0 = Debug|Any CPU
		{DBA0AF56-3966-4F9E-BFE5-46F77614EB06}.Release|Any CPU.ActiveCfg = Release|Any CPU
		{DBA0AF56-3966-4F9E-BFE5-46F77614EB06}.Release|Any CPU.Build.0 = Release|Any CPU
		{DBA0AF56-3966-4F9E-BFE5-46F77614EB06}.Release|x64.ActiveCfg = Release|Any CPU
		{DBA0AF56-3966-4F9E-BFE5-46F77614EB06}.Release|x64.Build.0 = Release|Any CPU
		{DBA0AF56-3966-4F9E-BFE5-46F77614EB06}.Release|x86.ActiveCfg = Release|Any CPU
		{DBA0AF56-3966-4F9E-BFE5-46F77614EB06}.Release|x86.Build.0 = Release|Any CPU
		{4DC9CABD-DF60-408D-BD1B-3F116F7D15BE}.Debug|Any CPU.ActiveCfg = Debug|Any CPU
		{4DC9CABD-DF60-408D-BD1B-3F116F7D15BE}.Debug|Any CPU.Build.0 = Debug|Any CPU
		{4DC9CABD-DF60-408D-BD1B-3F116F7D15BE}.Debug|x64.ActiveCfg = Debug|Any CPU
		{4DC9CABD-DF60-408D-BD1B-3F116F7D15BE}.Debug|x64.Build.0 = Debug|Any CPU
		{4DC9CABD-DF60-408D-BD1B-3F116F7D15BE}.Debug|x86.ActiveCfg = Debug|Any CPU
		{4DC9CABD-DF60-408D-BD1B-3F116F7D15BE}.Debug|x86.Build.0 = Debug|Any CPU
		{4DC9CABD-DF60-408D-BD1B-3F116F7D15BE}.Release|Any CPU.ActiveCfg = Release|Any CPU
		{4DC9CABD-DF60-408D-BD1B-3F116F7D15BE}.Release|Any CPU.Build.0 = Release|Any CPU
		{4DC9CABD-DF60-408D-BD1B-3F116F7D15BE}.Release|x64.ActiveCfg = Release|Any CPU
		{4DC9CABD-DF60-408D-BD1B-3F116F7D15BE}.Release|x64.Build.0 = Release|Any CPU
		{4DC9CABD-DF60-408D-BD1B-3F116F7D15BE}.Release|x86.ActiveCfg = Release|Any CPU
		{4DC9CABD-DF60-408D-BD1B-3F116F7D15BE}.Release|x86.Build.0 = Release|Any CPU
		{64FBF184-CB95-4ACB-9889-05B761B509A9}.Debug|Any CPU.ActiveCfg = Debug|Any CPU
		{64FBF184-CB95-4ACB-9889-05B761B509A9}.Debug|Any CPU.Build.0 = Debug|Any CPU
		{64FBF184-CB95-4ACB-9889-05B761B509A9}.Debug|x64.ActiveCfg = Debug|Any CPU
		{64FBF184-CB95-4ACB-9889-05B761B509A9}.Debug|x64.Build.0 = Debug|Any CPU
		{64FBF184-CB95-4ACB-9889-05B761B509A9}.Debug|x86.ActiveCfg = Debug|Any CPU
		{64FBF184-CB95-4ACB-9889-05B761B509A9}.Debug|x86.Build.0 = Debug|Any CPU
		{64FBF184-CB95-4ACB-9889-05B761B509A9}.Release|Any CPU.ActiveCfg = Release|Any CPU
		{64FBF184-CB95-4ACB-9889-05B761B509A9}.Release|Any CPU.Build.0 = Release|Any CPU
		{64FBF184-CB95-4ACB-9889-05B761B509A9}.Release|x64.ActiveCfg = Release|Any CPU
		{64FBF184-CB95-4ACB-9889-05B761B509A9}.Release|x64.Build.0 = Release|Any CPU
		{64FBF184-CB95-4ACB-9889-05B761B509A9}.Release|x86.ActiveCfg = Release|Any CPU
		{64FBF184-CB95-4ACB-9889-05B761B509A9}.Release|x86.Build.0 = Release|Any CPU
		{64113937-072E-41FA-A688-4DF343A1C7AE}.Debug|Any CPU.ActiveCfg = Debug|Any CPU
		{64113937-072E-41FA-A688-4DF343A1C7AE}.Debug|Any CPU.Build.0 = Debug|Any CPU
		{64113937-072E-41FA-A688-4DF343A1C7AE}.Debug|x64.ActiveCfg = Debug|Any CPU
		{64113937-072E-41FA-A688-4DF343A1C7AE}.Debug|x64.Build.0 = Debug|Any CPU
		{64113937-072E-41FA-A688-4DF343A1C7AE}.Debug|x86.ActiveCfg = Debug|Any CPU
		{64113937-072E-41FA-A688-4DF343A1C7AE}.Debug|x86.Build.0 = Debug|Any CPU
		{64113937-072E-41FA-A688-4DF343A1C7AE}.Release|Any CPU.ActiveCfg = Release|Any CPU
		{64113937-072E-41FA-A688-4DF343A1C7AE}.Release|Any CPU.Build.0 = Release|Any CPU
		{64113937-072E-41FA-A688-4DF343A1C7AE}.Release|x64.ActiveCfg = Release|Any CPU
		{64113937-072E-41FA-A688-4DF343A1C7AE}.Release|x64.Build.0 = Release|Any CPU
		{64113937-072E-41FA-A688-4DF343A1C7AE}.Release|x86.ActiveCfg = Release|Any CPU
		{64113937-072E-41FA-A688-4DF343A1C7AE}.Release|x86.Build.0 = Release|Any CPU
		{0E121756-AC46-4362-9EF7-87E470D06DD7}.Debug|Any CPU.ActiveCfg = Debug|Any CPU
		{0E121756-AC46-4362-9EF7-87E470D06DD7}.Debug|Any CPU.Build.0 = Debug|Any CPU
		{0E121756-AC46-4362-9EF7-87E470D06DD7}.Debug|x64.ActiveCfg = Debug|Any CPU
		{0E121756-AC46-4362-9EF7-87E470D06DD7}.Debug|x64.Build.0 = Debug|Any CPU
		{0E121756-AC46-4362-9EF7-87E470D06DD7}.Debug|x86.ActiveCfg = Debug|Any CPU
		{0E121756-AC46-4362-9EF7-87E470D06DD7}.Debug|x86.Build.0 = Debug|Any CPU
		{0E121756-AC46-4362-9EF7-87E470D06DD7}.Release|Any CPU.ActiveCfg = Release|Any CPU
		{0E121756-AC46-4362-9EF7-87E470D06DD7}.Release|Any CPU.Build.0 = Release|Any CPU
		{0E121756-AC46-4362-9EF7-87E470D06DD7}.Release|x64.ActiveCfg = Release|Any CPU
		{0E121756-AC46-4362-9EF7-87E470D06DD7}.Release|x64.Build.0 = Release|Any CPU
		{0E121756-AC46-4362-9EF7-87E470D06DD7}.Release|x86.ActiveCfg = Release|Any CPU
		{0E121756-AC46-4362-9EF7-87E470D06DD7}.Release|x86.Build.0 = Release|Any CPU
		{73E1E408-0F51-4DF6-8473-45EFA152158E}.Debug|Any CPU.ActiveCfg = Debug|Any CPU
		{73E1E408-0F51-4DF6-8473-45EFA152158E}.Debug|Any CPU.Build.0 = Debug|Any CPU
		{73E1E408-0F51-4DF6-8473-45EFA152158E}.Debug|x64.ActiveCfg = Debug|Any CPU
		{73E1E408-0F51-4DF6-8473-45EFA152158E}.Debug|x64.Build.0 = Debug|Any CPU
		{73E1E408-0F51-4DF6-8473-45EFA152158E}.Debug|x86.ActiveCfg = Debug|Any CPU
		{73E1E408-0F51-4DF6-8473-45EFA152158E}.Debug|x86.Build.0 = Debug|Any CPU
		{73E1E408-0F51-4DF6-8473-45EFA152158E}.Release|Any CPU.ActiveCfg = Release|Any CPU
		{73E1E408-0F51-4DF6-8473-45EFA152158E}.Release|Any CPU.Build.0 = Release|Any CPU
		{73E1E408-0F51-4DF6-8473-45EFA152158E}.Release|x64.ActiveCfg = Release|Any CPU
		{73E1E408-0F51-4DF6-8473-45EFA152158E}.Release|x64.Build.0 = Release|Any CPU
		{73E1E408-0F51-4DF6-8473-45EFA152158E}.Release|x86.ActiveCfg = Release|Any CPU
		{73E1E408-0F51-4DF6-8473-45EFA152158E}.Release|x86.Build.0 = Release|Any CPU
		{34F6F4BA-7BEF-4987-8B85-7FFE4F0132A3}.Debug|Any CPU.ActiveCfg = Debug|Any CPU
		{34F6F4BA-7BEF-4987-8B85-7FFE4F0132A3}.Debug|Any CPU.Build.0 = Debug|Any CPU
		{34F6F4BA-7BEF-4987-8B85-7FFE4F0132A3}.Debug|x64.ActiveCfg = Debug|Any CPU
		{34F6F4BA-7BEF-4987-8B85-7FFE4F0132A3}.Debug|x64.Build.0 = Debug|Any CPU
		{34F6F4BA-7BEF-4987-8B85-7FFE4F0132A3}.Debug|x86.ActiveCfg = Debug|Any CPU
		{34F6F4BA-7BEF-4987-8B85-7FFE4F0132A3}.Debug|x86.Build.0 = Debug|Any CPU
		{34F6F4BA-7BEF-4987-8B85-7FFE4F0132A3}.Release|Any CPU.ActiveCfg = Release|Any CPU
		{34F6F4BA-7BEF-4987-8B85-7FFE4F0132A3}.Release|Any CPU.Build.0 = Release|Any CPU
		{34F6F4BA-7BEF-4987-8B85-7FFE4F0132A3}.Release|x64.ActiveCfg = Release|Any CPU
		{34F6F4BA-7BEF-4987-8B85-7FFE4F0132A3}.Release|x64.Build.0 = Release|Any CPU
		{34F6F4BA-7BEF-4987-8B85-7FFE4F0132A3}.Release|x86.ActiveCfg = Release|Any CPU
		{34F6F4BA-7BEF-4987-8B85-7FFE4F0132A3}.Release|x86.Build.0 = Release|Any CPU
		{D95118C1-4103-4502-B0A6-FB424F3CA55A}.Debug|Any CPU.ActiveCfg = Debug|Any CPU
		{D95118C1-4103-4502-B0A6-FB424F3CA55A}.Debug|Any CPU.Build.0 = Debug|Any CPU
		{D95118C1-4103-4502-B0A6-FB424F3CA55A}.Debug|x64.ActiveCfg = Debug|Any CPU
		{D95118C1-4103-4502-B0A6-FB424F3CA55A}.Debug|x64.Build.0 = Debug|Any CPU
		{D95118C1-4103-4502-B0A6-FB424F3CA55A}.Debug|x86.ActiveCfg = Debug|Any CPU
		{D95118C1-4103-4502-B0A6-FB424F3CA55A}.Debug|x86.Build.0 = Debug|Any CPU
		{D95118C1-4103-4502-B0A6-FB424F3CA55A}.Release|Any CPU.ActiveCfg = Release|Any CPU
		{D95118C1-4103-4502-B0A6-FB424F3CA55A}.Release|Any CPU.Build.0 = Release|Any CPU
		{D95118C1-4103-4502-B0A6-FB424F3CA55A}.Release|x64.ActiveCfg = Release|Any CPU
		{D95118C1-4103-4502-B0A6-FB424F3CA55A}.Release|x64.Build.0 = Release|Any CPU
		{D95118C1-4103-4502-B0A6-FB424F3CA55A}.Release|x86.ActiveCfg = Release|Any CPU
		{D95118C1-4103-4502-B0A6-FB424F3CA55A}.Release|x86.Build.0 = Release|Any CPU
		{A1BEFA52-DF0B-438F-8C61-5468E081DC88}.Debug|Any CPU.ActiveCfg = Debug|Any CPU
		{A1BEFA52-DF0B-438F-8C61-5468E081DC88}.Debug|Any CPU.Build.0 = Debug|Any CPU
		{A1BEFA52-DF0B-438F-8C61-5468E081DC88}.Debug|x64.ActiveCfg = Debug|Any CPU
		{A1BEFA52-DF0B-438F-8C61-5468E081DC88}.Debug|x64.Build.0 = Debug|Any CPU
		{A1BEFA52-DF0B-438F-8C61-5468E081DC88}.Debug|x86.ActiveCfg = Debug|Any CPU
		{A1BEFA52-DF0B-438F-8C61-5468E081DC88}.Debug|x86.Build.0 = Debug|Any CPU
		{A1BEFA52-DF0B-438F-8C61-5468E081DC88}.Release|Any CPU.ActiveCfg = Release|Any CPU
		{A1BEFA52-DF0B-438F-8C61-5468E081DC88}.Release|Any CPU.Build.0 = Release|Any CPU
		{A1BEFA52-DF0B-438F-8C61-5468E081DC88}.Release|x64.ActiveCfg = Release|Any CPU
		{A1BEFA52-DF0B-438F-8C61-5468E081DC88}.Release|x64.Build.0 = Release|Any CPU
		{A1BEFA52-DF0B-438F-8C61-5468E081DC88}.Release|x86.ActiveCfg = Release|Any CPU
		{A1BEFA52-DF0B-438F-8C61-5468E081DC88}.Release|x86.Build.0 = Release|Any CPU
		{0B79010B-06D8-4AAD-BBE4-A3411AA150D2}.Debug|Any CPU.ActiveCfg = Debug|Any CPU
		{0B79010B-06D8-4AAD-BBE4-A3411AA150D2}.Debug|Any CPU.Build.0 = Debug|Any CPU
		{0B79010B-06D8-4AAD-BBE4-A3411AA150D2}.Debug|x64.ActiveCfg = Debug|Any CPU
		{0B79010B-06D8-4AAD-BBE4-A3411AA150D2}.Debug|x64.Build.0 = Debug|Any CPU
		{0B79010B-06D8-4AAD-BBE4-A3411AA150D2}.Debug|x86.ActiveCfg = Debug|Any CPU
		{0B79010B-06D8-4AAD-BBE4-A3411AA150D2}.Debug|x86.Build.0 = Debug|Any CPU
		{0B79010B-06D8-4AAD-BBE4-A3411AA150D2}.Release|Any CPU.ActiveCfg = Release|Any CPU
		{0B79010B-06D8-4AAD-BBE4-A3411AA150D2}.Release|Any CPU.Build.0 = Release|Any CPU
		{0B79010B-06D8-4AAD-BBE4-A3411AA150D2}.Release|x64.ActiveCfg = Release|Any CPU
		{0B79010B-06D8-4AAD-BBE4-A3411AA150D2}.Release|x64.Build.0 = Release|Any CPU
		{0B79010B-06D8-4AAD-BBE4-A3411AA150D2}.Release|x86.ActiveCfg = Release|Any CPU
		{0B79010B-06D8-4AAD-BBE4-A3411AA150D2}.Release|x86.Build.0 = Release|Any CPU
		{619FD8B9-BA0F-4DA7-B813-79A45CF7C634}.Debug|Any CPU.ActiveCfg = Debug|Any CPU
		{619FD8B9-BA0F-4DA7-B813-79A45CF7C634}.Debug|Any CPU.Build.0 = Debug|Any CPU
		{619FD8B9-BA0F-4DA7-B813-79A45CF7C634}.Debug|x64.ActiveCfg = Debug|Any CPU
		{619FD8B9-BA0F-4DA7-B813-79A45CF7C634}.Debug|x64.Build.0 = Debug|Any CPU
		{619FD8B9-BA0F-4DA7-B813-79A45CF7C634}.Debug|x86.ActiveCfg = Debug|Any CPU
		{619FD8B9-BA0F-4DA7-B813-79A45CF7C634}.Debug|x86.Build.0 = Debug|Any CPU
		{619FD8B9-BA0F-4DA7-B813-79A45CF7C634}.Release|Any CPU.ActiveCfg = Release|Any CPU
		{619FD8B9-BA0F-4DA7-B813-79A45CF7C634}.Release|Any CPU.Build.0 = Release|Any CPU
		{619FD8B9-BA0F-4DA7-B813-79A45CF7C634}.Release|x64.ActiveCfg = Release|Any CPU
		{619FD8B9-BA0F-4DA7-B813-79A45CF7C634}.Release|x64.Build.0 = Release|Any CPU
		{619FD8B9-BA0F-4DA7-B813-79A45CF7C634}.Release|x86.ActiveCfg = Release|Any CPU
		{619FD8B9-BA0F-4DA7-B813-79A45CF7C634}.Release|x86.Build.0 = Release|Any CPU
		{D1671A2F-4678-4512-9D26-C8CBF915E893}.Debug|Any CPU.ActiveCfg = Debug|Any CPU
		{D1671A2F-4678-4512-9D26-C8CBF915E893}.Debug|Any CPU.Build.0 = Debug|Any CPU
		{D1671A2F-4678-4512-9D26-C8CBF915E893}.Debug|x64.ActiveCfg = Debug|Any CPU
		{D1671A2F-4678-4512-9D26-C8CBF915E893}.Debug|x64.Build.0 = Debug|Any CPU
		{D1671A2F-4678-4512-9D26-C8CBF915E893}.Debug|x86.ActiveCfg = Debug|Any CPU
		{D1671A2F-4678-4512-9D26-C8CBF915E893}.Debug|x86.Build.0 = Debug|Any CPU
		{D1671A2F-4678-4512-9D26-C8CBF915E893}.Release|Any CPU.ActiveCfg = Release|Any CPU
		{D1671A2F-4678-4512-9D26-C8CBF915E893}.Release|Any CPU.Build.0 = Release|Any CPU
		{D1671A2F-4678-4512-9D26-C8CBF915E893}.Release|x64.ActiveCfg = Release|Any CPU
		{D1671A2F-4678-4512-9D26-C8CBF915E893}.Release|x64.Build.0 = Release|Any CPU
		{D1671A2F-4678-4512-9D26-C8CBF915E893}.Release|x86.ActiveCfg = Release|Any CPU
		{D1671A2F-4678-4512-9D26-C8CBF915E893}.Release|x86.Build.0 = Release|Any CPU
		{5B7C0D58-D34B-45DF-8EF3-095CA1A3F24B}.Debug|Any CPU.ActiveCfg = Debug|Any CPU
		{5B7C0D58-D34B-45DF-8EF3-095CA1A3F24B}.Debug|Any CPU.Build.0 = Debug|Any CPU
		{5B7C0D58-D34B-45DF-8EF3-095CA1A3F24B}.Debug|x64.ActiveCfg = Debug|Any CPU
		{5B7C0D58-D34B-45DF-8EF3-095CA1A3F24B}.Debug|x64.Build.0 = Debug|Any CPU
		{5B7C0D58-D34B-45DF-8EF3-095CA1A3F24B}.Debug|x86.ActiveCfg = Debug|Any CPU
		{5B7C0D58-D34B-45DF-8EF3-095CA1A3F24B}.Debug|x86.Build.0 = Debug|Any CPU
		{5B7C0D58-D34B-45DF-8EF3-095CA1A3F24B}.Release|Any CPU.ActiveCfg = Release|Any CPU
		{5B7C0D58-D34B-45DF-8EF3-095CA1A3F24B}.Release|Any CPU.Build.0 = Release|Any CPU
		{5B7C0D58-D34B-45DF-8EF3-095CA1A3F24B}.Release|x64.ActiveCfg = Release|Any CPU
		{5B7C0D58-D34B-45DF-8EF3-095CA1A3F24B}.Release|x64.Build.0 = Release|Any CPU
		{5B7C0D58-D34B-45DF-8EF3-095CA1A3F24B}.Release|x86.ActiveCfg = Release|Any CPU
		{5B7C0D58-D34B-45DF-8EF3-095CA1A3F24B}.Release|x86.Build.0 = Release|Any CPU
	EndGlobalSection
	GlobalSection(SolutionProperties) = preSolution
		HideSolutionNode = FALSE
	EndGlobalSection
EndGlobal
